<?xml version="1.0" encoding="utf-8"?>
<Project ToolsVersion="4.0" xmlns="http://schemas.microsoft.com/developer/msbuild/2003">
  <ItemGroup>
    <Filter Include="Source Files">
      <UniqueIdentifier>{4FC737F1-C7A5-4376-A066-2A32D752A2FF}</UniqueIdentifier>
      <Extensions>cpp;c;cc;cxx;c++;cppm;ixx;def;odl;idl;hpj;bat;asm;asmx</Extensions>
    </Filter>
    <Filter Include="Header Files">
      <UniqueIdentifier>{93995380-89BD-4b04-88EB-625FBE52EBFB}</UniqueIdentifier>
      <Extensions>h;hh;hpp;hxx;h++;hm;inl;inc;ipp;xsd</Extensions>
    </Filter>
    <Filter Include="Resource Files">
      <UniqueIdentifier>{67DA6AB6-F800-4c08-8B7A-83BB121AAD01}</UniqueIdentifier>
      <Extensions>rc;ico;cur;bmp;dlg;rc2;rct;bin;rgs;gif;jpg;jpeg;jpe;resx;tiff;tif;png;wav;mfcribbon-ms</Extensions>
    </Filter>
  </ItemGroup>
  <ItemGroup>
    <ClInclude Include="framework.h">
      <Filter>Header Files</Filter>
    </ClInclude>
    <ClInclude Include="targetver.h">
      <Filter>Header Files</Filter>
    </ClInclude>
    <ClInclude Include="Resource.h">
      <Filter>Header Files</Filter>
    </ClInclude>
    <ClInclude Include="BitmapHelper.h">
      <Filter>Header Files</Filter>
    </ClInclude>
    <ClInclude Include="ColorHelper.h">
      <Filter>Header Files</Filter>
    </ClInclude>
    <ClInclude Include="ImmersiveColor.h">
      <Filter>Header Files</Filter>
    </ClInclude>
    <ClInclude Include="AccentColorHelper.h">
      <Filter>Header Files</Filter>
    </ClInclude>
    <ClInclude Include="BlurCore.cpp">
      <Filter>Source Files</Filter>
    </ClInclude>
    <ClInclude Include="BlurCore.h">
      <Filter>Header Files</Filter>
    </ClInclude>
    <ClInclude Include="DirectoryHelper.h">
      <Filter>Header Files</Filter>
    </ClInclude>
    <ClInclude Include="StyleModifier.h">
      <Filter>Header Files</Filter>
    </ClInclude>
    <ClInclude Include="SettingsHelper.h">
      <Filter>Header Files</Filter>
    </ClInclude>
    <ClInclude Include="ContextMenus.h">
      <Filter>Header Files</Filter>
    </ClInclude>
    <ClInclude Include="Logger.h">
      <Filter>Header Files</Filter>
    </ClInclude>
    <ClInclude Include="DDControls.h">
      <Filter>Header Files</Filter>
    </ClInclude>
    <ClInclude Include="ShutdownDialog.h">
      <Filter>Header Files</Filter>
    </ClInclude>
    <ClInclude Include="cdpa.h">
      <Filter>Header Files</Filter>
    </ClInclude>
    <ClInclude Include="RenameCore.h">
      <Filter>Header Files</Filter>
    </ClInclude>
    <ClInclude Include="SearchPage.h">
      <Filter>Header Files</Filter>
    </ClInclude>
    <ClInclude Include="EditMode.h">
      <Filter>Header Files</Filter>
    </ClInclude>
    <ClInclude Include="DirectDesktop.h">
      <Filter>Header Files</Filter>
    </ClInclude>
  </ItemGroup>
  <ItemGroup>
    <ClCompile Include="DirectDesktop.cpp">
      <Filter>Source Files</Filter>
    </ClCompile>
    <ClCompile Include="StyleModifier.cpp">
      <Filter>Source Files</Filter>
    </ClCompile>
    <ClCompile Include="BitmapHelper.cpp">
      <Filter>Source Files</Filter>
    </ClCompile>
    <ClCompile Include="ColorHelper.cpp">
      <Filter>Source Files</Filter>
    </ClCompile>
    <ClCompile Include="AccentColorHelper.cpp">
      <Filter>Source Files</Filter>
    </ClCompile>
    <ClCompile Include="DirectoryHelper.cpp">
      <Filter>Source Files</Filter>
    </ClCompile>
    <ClCompile Include="SettingsHelper.cpp">
      <Filter>Source Files</Filter>
    </ClCompile>
    <ClCompile Include="ContextMenus.cpp">
      <Filter>Source Files</Filter>
    </ClCompile>
    <ClCompile Include="Logger.cpp">
      <Filter>Source Files</Filter>
    </ClCompile>
    <ClCompile Include="DDControls.cpp">
      <Filter>Source Files</Filter>
    </ClCompile>
    <ClCompile Include="ShutdownDialog.cpp">
      <Filter>Source Files</Filter>
    </ClCompile>
    <ClCompile Include="RenameCore.cpp">
      <Filter>Source Files</Filter>
    </ClCompile>
    <ClCompile Include="SearchPage.cpp">
      <Filter>Source Files</Filter>
    </ClCompile>
    <ClCompile Include="EditMode.cpp">
      <Filter>Source Files</Filter>
    </ClCompile>
  </ItemGroup>
  <ItemGroup>
    <Image Include="small.ico">
      <Filter>Resource Files</Filter>
    </Image>
    <Image Include="DirectDesktop.ico">
      <Filter>Resource Files</Filter>
    </Image>
    <Image Include="ImageResources\3003.png">
      <Filter>Resource Files</Filter>
    </Image>
    <Image Include="ImageResources\3004.png">
      <Filter>Resource Files</Filter>
    </Image>
    <Image Include="ImageResources\3005.png">
      <Filter>Resource Files</Filter>
    </Image>
    <Image Include="ImageResources\3006.png">
      <Filter>Resource Files</Filter>
    </Image>
    <Image Include="ImageResources\3007.png">
      <Filter>Resource Files</Filter>
    </Image>
    <Image Include="ImageResources\3008.png">
      <Filter>Resource Files</Filter>
    </Image>
    <Image Include="ImageResources\3009.png">
      <Filter>Resource Files</Filter>
    </Image>
    <Image Include="ImageResources\3010.png">
      <Filter>Resource Files</Filter>
    </Image>
    <Image Include="ImageResources\3011.png">
      <Filter>Resource Files</Filter>
    </Image>
    <Image Include="ImageResources\3012.png">
      <Filter>Resource Files</Filter>
    </Image>
    <Image Include="ImageResources\3013.png">
      <Filter>Resource Files</Filter>
    </Image>
    <Image Include="ImageResources\3014.png">
      <Filter>Resource Files</Filter>
    </Image>
    <Image Include="ImageResources\3015.png">
      <Filter>Resource Files</Filter>
    </Image>
    <Image Include="ImageResources\3016.png">
      <Filter>Resource Files</Filter>
    </Image>
    <Image Include="ImageResources\3017.png">
      <Filter>Resource Files</Filter>
    </Image>
    <Image Include="ImageResources\3018.png">
      <Filter>Resource Files</Filter>
    </Image>
    <Image Include="ImageResources\3019.png">
      <Filter>Resource Files</Filter>
    </Image>
    <Image Include="ImageResources\3020.png">
      <Filter>Resource Files</Filter>
    </Image>
    <Image Include="ImageResources\3021.png">
      <Filter>Resource Files</Filter>
    </Image>
    <Image Include="ImageResources\3022.png">
      <Filter>Resource Files</Filter>
    </Image>
    <Image Include="ImageResources\3023.png">
      <Filter>Resource Files</Filter>
    </Image>
    <Image Include="ImageResources\3024.png">
      <Filter>Resource Files</Filter>
    </Image>
    <Image Include="ImageResources\3025.png">
      <Filter>Resource Files</Filter>
    </Image>
    <Image Include="ImageResources\3026.png">
      <Filter>Resource Files</Filter>
    </Image>
    <Image Include="ImageResources\3027.png">
      <Filter>Resource Files</Filter>
    </Image>
    <Image Include="ImageResources\3028.png">
      <Filter>Resource Files</Filter>
    </Image>
    <Image Include="ImageResources\3029.png">
      <Filter>Resource Files</Filter>
    </Image>
    <Image Include="ImageResources\3030.png">
      <Filter>Resource Files</Filter>
    </Image>
    <Image Include="ImageResources\3031.png">
      <Filter>Resource Files</Filter>
    </Image>
    <Image Include="ImageResources\3032.png">
      <Filter>Resource Files</Filter>
    </Image>
    <Image Include="ImageResources\3033.png">
      <Filter>Resource Files</Filter>
    </Image>
    <Image Include="ImageResources\3034.png">
      <Filter>Resource Files</Filter>
    </Image>
    <Image Include="ImageResources\3035.png">
      <Filter>Resource Files</Filter>
    </Image>
    <Image Include="ImageResources\3036.png">
      <Filter>Resource Files</Filter>
    </Image>
    <Image Include="ImageResources\3037.png">
      <Filter>Resource Files</Filter>
    </Image>
    <Image Include="ImageResources\3001.png">
      <Filter>Resource Files</Filter>
    </Image>
    <Image Include="ImageResources\3002.png">
      <Filter>Resource Files</Filter>
    </Image>
    <Image Include="ImageResources\1001.png">
      <Filter>Resource Files</Filter>
    </Image>
    <Image Include="ImageResources\1002.png">
      <Filter>Resource Files</Filter>
    </Image>
    <Image Include="ImageResources\1003.png">
      <Filter>Resource Files</Filter>
    </Image>
    <Image Include="ImageResources\1004.png">
      <Filter>Resource Files</Filter>
    </Image>
    <Image Include="ImageResources\1005.png">
      <Filter>Resource Files</Filter>
    </Image>
    <Image Include="ImageResources\1006.png">
      <Filter>Resource Files</Filter>
    </Image>
    <Image Include="ImageResources\1007.png">
      <Filter>Resource Files</Filter>
    </Image>
    <Image Include="ImageResources\1008.png">
      <Filter>Resource Files</Filter>
    </Image>
    <Image Include="ImageResources\1009.png">
      <Filter>Resource Files</Filter>
    </Image>
    <Image Include="ImageResources\1010.png">
      <Filter>Resource Files</Filter>
    </Image>
    <Image Include="ImageResources\1011.png">
      <Filter>Resource Files</Filter>
    </Image>
    <Image Include="ImageResources\1012.png">
      <Filter>Resource Files</Filter>
    </Image>
    <Image Include="ImageResources\1013.png">
      <Filter>Resource Files</Filter>
    </Image>
    <Image Include="ImageResources\1014.png">
      <Filter>Resource Files</Filter>
    </Image>
    <Image Include="ImageResources\1015.png">
      <Filter>Resource Files</Filter>
    </Image>
    <Image Include="ImageResources\1016.png">
      <Filter>Resource Files</Filter>
    </Image>
    <Image Include="ImageResources\1017.png">
      <Filter>Resource Files</Filter>
    </Image>
    <Image Include="ImageResources\1018.png">
      <Filter>Resource Files</Filter>
    </Image>
    <Image Include="ImageResources\1019.png">
      <Filter>Resource Files</Filter>
    </Image>
    <Image Include="ImageResources\1020.png">
      <Filter>Resource Files</Filter>
    </Image>
    <Image Include="ImageResources\1021.png">
      <Filter>Resource Files</Filter>
    </Image>
    <Image Include="ImageResources\1022.png">
      <Filter>Resource Files</Filter>
    </Image>
    <Image Include="ImageResources\1023.png">
      <Filter>Resource Files</Filter>
    </Image>
    <Image Include="ImageResources\1024.png">
      <Filter>Resource Files</Filter>
    </Image>
    <Image Include="ImageResources\1025.png">
      <Filter>Resource Files</Filter>
    </Image>
    <Image Include="ImageResources\1026.png">
      <Filter>Resource Files</Filter>
    </Image>
    <Image Include="ImageResources\1027.png">
      <Filter>Resource Files</Filter>
    </Image>
    <Image Include="ImageResources\1028.png">
      <Filter>Resource Files</Filter>
    </Image>
    <Image Include="ImageResources\1029.png">
      <Filter>Resource Files</Filter>
    </Image>
    <Image Include="ImageResources\1030.png">
      <Filter>Resource Files</Filter>
    </Image>
    <Image Include="ImageResources\1031.png">
      <Filter>Resource Files</Filter>
    </Image>
    <Image Include="ImageResources\1032.png">
      <Filter>Resource Files</Filter>
    </Image>
    <Image Include="ImageResources\1033.png">
      <Filter>Resource Files</Filter>
    </Image>
    <Image Include="ImageResources\1034.png">
      <Filter>Resource Files</Filter>
    </Image>
    <Image Include="ImageResources\1035.png">
      <Filter>Resource Files</Filter>
    </Image>
    <Image Include="ImageResources\1036.png">
      <Filter>Resource Files</Filter>
    </Image>
    <Image Include="ImageResources\1037.png">
      <Filter>Resource Files</Filter>
    </Image>
    <Image Include="ImageResources\1038.png">
      <Filter>Resource Files</Filter>
    </Image>
    <Image Include="ImageResources\1039.png">
      <Filter>Resource Files</Filter>
    </Image>
    <Image Include="ImageResources\1040.png">
      <Filter>Resource Files</Filter>
    </Image>
    <Image Include="ImageResources\1041.png">
      <Filter>Resource Files</Filter>
    </Image>
    <Image Include="ImageResources\1042.png">
      <Filter>Resource Files</Filter>
    </Image>
    <Image Include="ImageResources\1043.png">
      <Filter>Resource Files</Filter>
    </Image>
    <Image Include="ImageResources\1044.png">
      <Filter>Resource Files</Filter>
    </Image>
    <Image Include="ImageResources\1045.png">
      <Filter>Resource Files</Filter>
    </Image>
    <Image Include="ImageResources\1046.png">
      <Filter>Resource Files</Filter>
    </Image>
    <Image Include="ImageResources\1047.png">
      <Filter>Resource Files</Filter>
    </Image>
    <Image Include="ImageResources\1048.png">
      <Filter>Resource Files</Filter>
    </Image>
    <Image Include="ImageResources\1049.png">
      <Filter>Resource Files</Filter>
    </Image>
    <Image Include="ImageResources\1050.png">
      <Filter>Resource Files</Filter>
    </Image>
    <Image Include="ImageResources\1051.png">
      <Filter>Resource Files</Filter>
    </Image>
    <Image Include="ImageResources\1052.png">
      <Filter>Resource Files</Filter>
    </Image>
    <Image Include="ImageResources\1053.png">
      <Filter>Resource Files</Filter>
    </Image>
    <Image Include="ImageResources\1054.png">
      <Filter>Resource Files</Filter>
    </Image>
    <Image Include="ImageResources\1055.png">
      <Filter>Resource Files</Filter>
    </Image>
    <Image Include="ImageResources\1056.png">
      <Filter>Resource Files</Filter>
    </Image>
    <Image Include="ImageResources\1057.png">
      <Filter>Resource Files</Filter>
    </Image>
    <Image Include="ImageResources\1058.png">
      <Filter>Resource Files</Filter>
    </Image>
    <Image Include="ImageResources\1059.png">
      <Filter>Resource Files</Filter>
    </Image>
    <Image Include="ImageResources\1060.png">
      <Filter>Resource Files</Filter>
    </Image>
    <Image Include="ImageResources\1061.png">
      <Filter>Resource Files</Filter>
    </Image>
    <Image Include="ImageResources\1062.png">
      <Filter>Resource Files</Filter>
    </Image>
    <Image Include="ImageResources\1063.png">
      <Filter>Resource Files</Filter>
    </Image>
    <Image Include="ImageResources\1064.png">
      <Filter>Resource Files</Filter>
    </Image>
    <Image Include="ImageResources\1065.png">
      <Filter>Resource Files</Filter>
    </Image>
    <Image Include="ImageResources\1066.png">
      <Filter>Resource Files</Filter>
    </Image>
    <Image Include="ImageResources\1067.png">
      <Filter>Resource Files</Filter>
    </Image>
    <Image Include="ImageResources\1068.png">
      <Filter>Resource Files</Filter>
    </Image>
    <Image Include="ImageResources\1069.png">
      <Filter>Resource Files</Filter>
    </Image>
    <Image Include="ImageResources\1070.png">
      <Filter>Resource Files</Filter>
    </Image>
    <Image Include="ImageResources\1071.png">
      <Filter>Resource Files</Filter>
    </Image>
    <Image Include="ImageResources\1072.png">
      <Filter>Resource Files</Filter>
    </Image>
    <Image Include="ImageResources\1073.png">
      <Filter>Resource Files</Filter>
    </Image>
    <Image Include="ImageResources\1074.png">
      <Filter>Resource Files</Filter>
    </Image>
    <Image Include="ImageResources\1075.png">
      <Filter>Resource Files</Filter>
    </Image>
    <Image Include="ImageResources\1076.png">
      <Filter>Resource Files</Filter>
    </Image>
    <Image Include="ImageResources\1077.png">
      <Filter>Resource Files</Filter>
    </Image>
    <Image Include="ImageResources\1078.png">
      <Filter>Resource Files</Filter>
    </Image>
    <Image Include="ImageResources\1079.png">
      <Filter>Resource Files</Filter>
    </Image>
    <Image Include="ImageResources\1080.png">
      <Filter>Resource Files</Filter>
    </Image>
    <Image Include="ImageResources\1081.png">
      <Filter>Resource Files</Filter>
    </Image>
    <Image Include="ImageResources\1082.png">
      <Filter>Resource Files</Filter>
    </Image>
    <Image Include="ImageResources\1083.png">
      <Filter>Resource Files</Filter>
    </Image>
    <Image Include="ImageResources\1084.png">
      <Filter>Resource Files</Filter>
    </Image>
    <Image Include="ImageResources\1085.png">
      <Filter>Resource Files</Filter>
    </Image>
    <Image Include="ImageResources\1086.png">
      <Filter>Resource Files</Filter>
    </Image>
    <Image Include="ImageResources\1087.png">
      <Filter>Resource Files</Filter>
    </Image>
    <Image Include="ImageResources\1088.png">
      <Filter>Resource Files</Filter>
    </Image>
    <Image Include="ImageResources\1089.png">
      <Filter>Resource Files</Filter>
    </Image>
    <Image Include="ImageResources\1090.png">
      <Filter>Resource Files</Filter>
    </Image>
    <Image Include="ImageResources\1091.png">
      <Filter>Resource Files</Filter>
    </Image>
    <Image Include="ImageResources\1092.png">
      <Filter>Resource Files</Filter>
    </Image>
    <Image Include="ImageResources\1093.png">
      <Filter>Resource Files</Filter>
    </Image>
    <Image Include="ImageResources\1094.png">
      <Filter>Resource Files</Filter>
    </Image>
    <Image Include="ImageResources\1095.png">
      <Filter>Resource Files</Filter>
    </Image>
    <Image Include="ImageResources\1096.png">
      <Filter>Resource Files</Filter>
    </Image>
    <Image Include="ImageResources\1097.png">
      <Filter>Resource Files</Filter>
    </Image>
    <Image Include="ImageResources\1098.png">
      <Filter>Resource Files</Filter>
    </Image>
    <Image Include="ImageResources\1099.png">
      <Filter>Resource Files</Filter>
    </Image>
    <Image Include="ImageResources\11101.png">
      <Filter>Resource Files</Filter>
    </Image>
    <Image Include="ImageResources\11102.png">
      <Filter>Resource Files</Filter>
    </Image>
    <Image Include="ImageResources\11103.png">
      <Filter>Resource Files</Filter>
    </Image>
    <Image Include="ImageResources\11104.png">
      <Filter>Resource Files</Filter>
    </Image>
    <Image Include="ImageResources\11105.png">
      <Filter>Resource Files</Filter>
    </Image>
    <Image Include="ImageResources\11106.png">
      <Filter>Resource Files</Filter>
    </Image>
    <Image Include="ImageResources\11107.png">
      <Filter>Resource Files</Filter>
    </Image>
    <Image Include="ImageResources\11108.png">
      <Filter>Resource Files</Filter>
    </Image>
    <Image Include="ImageResources\11109.png">
      <Filter>Resource Files</Filter>
    </Image>
    <Image Include="ImageResources\11110.png">
      <Filter>Resource Files</Filter>
    </Image>
    <Image Include="ImageResources\11111.png">
      <Filter>Resource Files</Filter>
    </Image>
    <Image Include="ImageResources\11112.png">
      <Filter>Resource Files</Filter>
    </Image>
    <Image Include="ImageResources\11113.png">
      <Filter>Resource Files</Filter>
    </Image>
    <Image Include="ImageResources\11114.png">
      <Filter>Resource Files</Filter>
    </Image>
    <Image Include="ImageResources\11201.png">
      <Filter>Resource Files</Filter>
    </Image>
    <Image Include="ImageResources\11202.png">
      <Filter>Resource Files</Filter>
    </Image>
    <Image Include="ImageResources\11203.png">
      <Filter>Resource Files</Filter>
    </Image>
    <Image Include="ImageResources\11204.png">
      <Filter>Resource Files</Filter>
    </Image>
    <Image Include="ImageResources\11205.png">
      <Filter>Resource Files</Filter>
    </Image>
    <Image Include="ImageResources\11206.png">
      <Filter>Resource Files</Filter>
    </Image>
    <Image Include="ImageResources\11207.png">
      <Filter>Resource Files</Filter>
    </Image>
    <Image Include="ImageResources\11208.png">
      <Filter>Resource Files</Filter>
    </Image>
    <Image Include="ImageResources\11209.png">
      <Filter>Resource Files</Filter>
    </Image>
    <Image Include="ImageResources\11210.png">
      <Filter>Resource Files</Filter>
    </Image>
    <Image Include="ImageResources\11211.png">
      <Filter>Resource Files</Filter>
    </Image>
    <Image Include="ImageResources\11212.png">
      <Filter>Resource Files</Filter>
    </Image>
    <Image Include="ImageResources\11213.png">
      <Filter>Resource Files</Filter>
    </Image>
    <Image Include="ImageResources\11214.png">
      <Filter>Resource Files</Filter>
    </Image>
    <Image Include="ImageResources\2001.png">
      <Filter>Resource Files</Filter>
    </Image>
    <Image Include="ImageResources\2002.png">
      <Filter>Resource Files</Filter>
    </Image>
    <Image Include="ImageResources\2003.png">
      <Filter>Resource Files</Filter>
    </Image>
    <Image Include="ImageResources\2004.png">
      <Filter>Resource Files</Filter>
    </Image>
    <Image Include="ImageResources\2005.png">
      <Filter>Resource Files</Filter>
    </Image>
    <Image Include="ImageResources\2006.png">
      <Filter>Resource Files</Filter>
    </Image>
    <Image Include="ImageResources\2007.png">
      <Filter>Resource Files</Filter>
    </Image>
    <Image Include="ImageResources\2008.png">
      <Filter>Resource Files</Filter>
    </Image>
    <Image Include="ImageResources\2009.png">
      <Filter>Resource Files</Filter>
    </Image>
    <Image Include="ImageResources\2010.png">
      <Filter>Resource Files</Filter>
    </Image>
    <Image Include="ImageResources\2011.png">
      <Filter>Resource Files</Filter>
    </Image>
    <Image Include="ImageResources\2012.png">
      <Filter>Resource Files</Filter>
    </Image>
    <Image Include="ImageResources\2013.png">
      <Filter>Resource Files</Filter>
    </Image>
    <Image Include="ImageResources\2014.png">
      <Filter>Resource Files</Filter>
    </Image>
    <Image Include="ImageResources\2015.png">
      <Filter>Resource Files</Filter>
    </Image>
    <Image Include="ImageResources\2016.png">
      <Filter>Resource Files</Filter>
    </Image>
    <Image Include="ImageResources\2017.png">
      <Filter>Resource Files</Filter>
    </Image>
    <Image Include="ImageResources\2018.png">
      <Filter>Resource Files</Filter>
    </Image>
    <Image Include="ImageResources\2019.png">
      <Filter>Resource Files</Filter>
    </Image>
    <Image Include="ImageResources\2020.png">
      <Filter>Resource Files</Filter>
    </Image>
    <Image Include="ImageResources\2021.png">
      <Filter>Resource Files</Filter>
    </Image>
    <Image Include="ImageResources\2022.png">
      <Filter>Resource Files</Filter>
    </Image>
    <Image Include="ImageResources\2023.png">
      <Filter>Resource Files</Filter>
    </Image>
    <Image Include="ImageResources\2024.png">
      <Filter>Resource Files</Filter>
    </Image>
    <Image Include="ImageResources\2025.png">
      <Filter>Resource Files</Filter>
    </Image>
    <Image Include="ImageResources\2026.png">
      <Filter>Resource Files</Filter>
    </Image>
    <Image Include="ImageResources\2027.png">
      <Filter>Resource Files</Filter>
    </Image>
    <Image Include="ImageResources\2028.png">
      <Filter>Resource Files</Filter>
    </Image>
    <Image Include="ImageResources\2029.png">
      <Filter>Resource Files</Filter>
    </Image>
    <Image Include="ImageResources\2030.png">
      <Filter>Resource Files</Filter>
    </Image>
    <Image Include="ImageResources\2031.png">
      <Filter>Resource Files</Filter>
    </Image>
    <Image Include="ImageResources\2032.png">
      <Filter>Resource Files</Filter>
    </Image>
    <Image Include="ImageResources\2033.png">
      <Filter>Resource Files</Filter>
    </Image>
    <Image Include="ImageResources\2034.png">
      <Filter>Resource Files</Filter>
    </Image>
    <Image Include="ImageResources\2035.png">
      <Filter>Resource Files</Filter>
    </Image>
    <Image Include="ImageResources\2036.png">
      <Filter>Resource Files</Filter>
    </Image>
    <Image Include="ImageResources\2037.png">
      <Filter>Resource Files</Filter>
    </Image>
    <Image Include="ImageResources\2038.png">
      <Filter>Resource Files</Filter>
    </Image>
    <Image Include="ImageResources\2039.png">
      <Filter>Resource Files</Filter>
    </Image>
    <Image Include="ImageResources\2040.png">
      <Filter>Resource Files</Filter>
    </Image>
    <Image Include="ImageResources\2041.png">
      <Filter>Resource Files</Filter>
    </Image>
    <Image Include="ImageResources\2042.png">
      <Filter>Resource Files</Filter>
    </Image>
    <Image Include="ImageResources\2043.png">
      <Filter>Resource Files</Filter>
    </Image>
    <Image Include="ImageResources\2044.png">
      <Filter>Resource Files</Filter>
    </Image>
    <Image Include="ImageResources\2045.png">
      <Filter>Resource Files</Filter>
    </Image>
    <Image Include="ImageResources\2046.png">
      <Filter>Resource Files</Filter>
    </Image>
    <Image Include="ImageResources\2047.png">
      <Filter>Resource Files</Filter>
    </Image>
    <Image Include="ImageResources\2048.png">
      <Filter>Resource Files</Filter>
    </Image>
    <Image Include="ImageResources\2049.png">
      <Filter>Resource Files</Filter>
    </Image>
    <Image Include="ImageResources\2050.png">
      <Filter>Resource Files</Filter>
    </Image>
    <Image Include="ImageResources\2051.png">
      <Filter>Resource Files</Filter>
    </Image>
    <Image Include="ImageResources\2052.png">
      <Filter>Resource Files</Filter>
    </Image>
    <Image Include="ImageResources\2053.png">
      <Filter>Resource Files</Filter>
    </Image>
    <Image Include="ImageResources\2054.png">
      <Filter>Resource Files</Filter>
    </Image>
    <Image Include="ImageResources\2055.png">
      <Filter>Resource Files</Filter>
    </Image>
    <Image Include="ImageResources\2056.png">
      <Filter>Resource Files</Filter>
    </Image>
    <Image Include="ImageResources\2057.png">
      <Filter>Resource Files</Filter>
    </Image>
    <Image Include="ImageResources\2058.png">
      <Filter>Resource Files</Filter>
    </Image>
    <Image Include="ImageResources\2059.png">
      <Filter>Resource Files</Filter>
    </Image>
    <Image Include="ImageResources\2060.png">
      <Filter>Resource Files</Filter>
    </Image>
    <Image Include="ImageResources\2061.png">
      <Filter>Resource Files</Filter>
    </Image>
    <Image Include="ImageResources\2062.png">
      <Filter>Resource Files</Filter>
    </Image>
    <Image Include="ImageResources\2063.png">
      <Filter>Resource Files</Filter>
    </Image>
    <Image Include="ImageResources\2064.png">
      <Filter>Resource Files</Filter>
    </Image>
    <Image Include="ImageResources\2065.png">
      <Filter>Resource Files</Filter>
    </Image>
    <Image Include="ImageResources\2066.png">
      <Filter>Resource Files</Filter>
    </Image>
    <Image Include="ImageResources\2067.png">
      <Filter>Resource Files</Filter>
    </Image>
    <Image Include="ImageResources\2068.png">
      <Filter>Resource Files</Filter>
    </Image>
    <Image Include="ImageResources\2069.png">
      <Filter>Resource Files</Filter>
    </Image>
    <Image Include="ImageResources\2070.png">
      <Filter>Resource Files</Filter>
    </Image>
    <Image Include="ImageResources\2071.png">
      <Filter>Resource Files</Filter>
    </Image>
    <Image Include="ImageResources\2072.png">
      <Filter>Resource Files</Filter>
    </Image>
    <Image Include="ImageResources\2073.png">
      <Filter>Resource Files</Filter>
    </Image>
    <Image Include="ImageResources\2074.png">
      <Filter>Resource Files</Filter>
    </Image>
    <Image Include="ImageResources\2075.png">
      <Filter>Resource Files</Filter>
    </Image>
    <Image Include="ImageResources\2076.png">
      <Filter>Resource Files</Filter>
    </Image>
    <Image Include="ImageResources\2077.png">
      <Filter>Resource Files</Filter>
    </Image>
    <Image Include="ImageResources\2078.png">
      <Filter>Resource Files</Filter>
    </Image>
    <Image Include="ImageResources\2079.png">
      <Filter>Resource Files</Filter>
    </Image>
    <Image Include="ImageResources\2080.png">
      <Filter>Resource Files</Filter>
    </Image>
    <Image Include="ImageResources\2081.png">
      <Filter>Resource Files</Filter>
    </Image>
    <Image Include="ImageResources\2082.png">
      <Filter>Resource Files</Filter>
    </Image>
    <Image Include="ImageResources\2083.png">
      <Filter>Resource Files</Filter>
    </Image>
    <Image Include="ImageResources\2084.png">
      <Filter>Resource Files</Filter>
    </Image>
    <Image Include="ImageResources\2085.png">
      <Filter>Resource Files</Filter>
    </Image>
    <Image Include="ImageResources\2086.png">
      <Filter>Resource Files</Filter>
    </Image>
    <Image Include="ImageResources\2087.png">
      <Filter>Resource Files</Filter>
    </Image>
    <Image Include="ImageResources\2088.png">
      <Filter>Resource Files</Filter>
    </Image>
    <Image Include="ImageResources\2089.png">
      <Filter>Resource Files</Filter>
    </Image>
    <Image Include="ImageResources\2090.png">
      <Filter>Resource Files</Filter>
    </Image>
    <Image Include="ImageResources\2091.png">
      <Filter>Resource Files</Filter>
    </Image>
    <Image Include="ImageResources\2092.png">
      <Filter>Resource Files</Filter>
    </Image>
    <Image Include="ImageResources\2093.png">
      <Filter>Resource Files</Filter>
    </Image>
    <Image Include="ImageResources\2094.png">
      <Filter>Resource Files</Filter>
    </Image>
    <Image Include="ImageResources\2095.png">
      <Filter>Resource Files</Filter>
    </Image>
    <Image Include="ImageResources\2096.png">
      <Filter>Resource Files</Filter>
    </Image>
    <Image Include="ImageResources\2097.png">
      <Filter>Resource Files</Filter>
    </Image>
    <Image Include="ImageResources\2098.png">
      <Filter>Resource Files</Filter>
    </Image>
    <Image Include="ImageResources\2099.png">
      <Filter>Resource Files</Filter>
    </Image>
    <Image Include="ImageResources\3038.png">
      <Filter>Resource Files</Filter>
    </Image>
    <Image Include="ImageResources\3039.png">
      <Filter>Resource Files</Filter>
    </Image>
    <Image Include="ImageResources\3040.png">
      <Filter>Resource Files</Filter>
    </Image>
    <Image Include="ImageResources\3041.png">
      <Filter>Resource Files</Filter>
    </Image>
    <Image Include="ImageResources\3042.png">
      <Filter>Resource Files</Filter>
    </Image>
    <Image Include="ImageResources\3043.png">
      <Filter>Resource Files</Filter>
    </Image>
    <Image Include="ImageResources\3044.png">
      <Filter>Resource Files</Filter>
    </Image>
    <Image Include="ImageResources\3045.png">
      <Filter>Resource Files</Filter>
    </Image>
    <Image Include="ImageResources\3046.png">
      <Filter>Resource Files</Filter>
    </Image>
    <Image Include="ImageResources\3047.png">
      <Filter>Resource Files</Filter>
    </Image>
    <Image Include="ImageResources\3048.png">
      <Filter>Resource Files</Filter>
    </Image>
    <Image Include="ImageResources\3049.png">
      <Filter>Resource Files</Filter>
    </Image>
    <Image Include="ImageResources\3050.png">
      <Filter>Resource Files</Filter>
    </Image>
    <Image Include="ImageResources\3051.png">
      <Filter>Resource Files</Filter>
    </Image>
    <Image Include="ImageResources\3052.png">
      <Filter>Resource Files</Filter>
    </Image>
    <Image Include="ImageResources\3053.png">
      <Filter>Resource Files</Filter>
    </Image>
    <Image Include="ImageResources\3054.png">
      <Filter>Resource Files</Filter>
    </Image>
    <Image Include="ImageResources\3055.png">
      <Filter>Resource Files</Filter>
    </Image>
    <Image Include="ImageResources\3056.png">
      <Filter>Resource Files</Filter>
    </Image>
    <Image Include="ImageResources\3057.png">
      <Filter>Resource Files</Filter>
    </Image>
    <Image Include="ImageResources\3058.png">
      <Filter>Resource Files</Filter>
    </Image>
  </ItemGroup>
  <ItemGroup>
    <None Include="imageresources\uifile5.bin">
      <Filter>Resource Files</Filter>
    </None>
    <None Include="imageresources\uifile3.bin">
      <Filter>Resource Files</Filter>
    </None>
    <None Include="imageresources\uifile6.bin">
      <Filter>Resource Files</Filter>
    </None>
  </ItemGroup>
  <ItemGroup>
    <Library Include="dui70.lib" />
  </ItemGroup>
  <ItemGroup>
    <Xml Include="uifile.xml" />
    <Xml Include="shutdown.xml" />
    <Xml Include="fullscreenpopup.xml" />
    <Xml Include="styles.xml" />
    <Xml Include="search.xml" />
    <Xml Include="editmode.xml" />
  </ItemGroup>
  <ItemGroup>
    <Manifest Include="DirectDesktop.manifest">
      <Filter>Resource Files</Filter>
    </Manifest>
  </ItemGroup>
  <ItemGroup>
    <ResourceCompile Include="DirectDesktop.rc" />
  </ItemGroup>
</Project>