<?xml version="1.0" encoding="utf-8"?>
<Project ToolsVersion="4.0" xmlns="http://schemas.microsoft.com/developer/msbuild/2003">
  <ItemGroup>
    <Filter Include="Source Files">
      <UniqueIdentifier>{4FC737F1-C7A5-4376-A066-2A32D752A2FF}</UniqueIdentifier>
      <Extensions>cpp;c;cc;cxx;c++;cppm;ixx;def;odl;idl;hpj;bat;asm;asmx</Extensions>
    </Filter>
    <Filter Include="Header Files">
      <UniqueIdentifier>{93995380-89BD-4b04-88EB-625FBE52EBFB}</UniqueIdentifier>
      <Extensions>h;hh;hpp;hxx;h++;hm;inl;inc;ipp;xsd</Extensions>
    </Filter>
    <Filter Include="Resource Files">
      <UniqueIdentifier>{67DA6AB6-F800-4c08-8B7A-83BB121AAD01}</UniqueIdentifier>
      <Extensions>rc;ico;cur;bmp;dlg;rc2;rct;bin;rgs;gif;jpg;jpeg;jpe;resx;tiff;tif;png;wav;mfcribbon-ms</Extensions>
    </Filter>
    <Filter Include="Source Files\backend">
      <UniqueIdentifier>{74dd7bca-bab7-4a24-bd52-206dcc79a3b8}</UniqueIdentifier>
    </Filter>
    <Filter Include="Source Files\coreui">
      <UniqueIdentifier>{4e07fafa-e38f-42fe-8e38-1577c8cebc1e}</UniqueIdentifier>
    </Filter>
    <Filter Include="Source Files\ui">
      <UniqueIdentifier>{3a6dae14-108f-4065-833c-57bbc00c0038}</UniqueIdentifier>
    </Filter>
    <Filter Include="Header Files\backend">
      <UniqueIdentifier>{9e1acec3-f666-40ee-9894-79081b3730a9}</UniqueIdentifier>
    </Filter>
    <Filter Include="Header Files\coreui">
      <UniqueIdentifier>{de39dce0-66d1-4aec-9ee1-f6f91262da56}</UniqueIdentifier>
    </Filter>
    <Filter Include="Header Files\ui">
      <UniqueIdentifier>{23dbf62d-4241-44af-a796-177f7ea7e447}</UniqueIdentifier>
    </Filter>
  </ItemGroup>
  <ItemGroup>
    <ClInclude Include="framework.h">
      <Filter>Header Files</Filter>
    </ClInclude>
    <ClInclude Include="targetver.h">
      <Filter>Header Files</Filter>
    </ClInclude>
    <ClInclude Include="Resource.h">
      <Filter>Header Files</Filter>
    </ClInclude>
    <ClInclude Include="DirectDesktop.h">
      <Filter>Header Files</Filter>
    </ClInclude>
    <ClInclude Include="coreui\AccentColorHelper.h">
      <Filter>Header Files\coreui</Filter>
    </ClInclude>
    <ClInclude Include="coreui\StyleModifier.h">
      <Filter>Header Files\coreui</Filter>
    </ClInclude>
    <ClInclude Include="coreui\BitmapHelper.h">
      <Filter>Header Files\coreui</Filter>
    </ClInclude>
    <ClInclude Include="coreui\BlurCore.h">
      <Filter>Header Files\coreui</Filter>
    </ClInclude>
    <ClInclude Include="coreui\cdpa.h">
      <Filter>Header Files\coreui</Filter>
    </ClInclude>
    <ClInclude Include="coreui\ColorHelper.h">
      <Filter>Header Files\coreui</Filter>
    </ClInclude>
    <ClInclude Include="coreui\ImmersiveColor.h">
      <Filter>Header Files\coreui</Filter>
    </ClInclude>
    <ClInclude Include="backend\ContextMenus.h">
      <Filter>Header Files\backend</Filter>
    </ClInclude>
    <ClInclude Include="backend\DirectoryHelper.h">
      <Filter>Header Files\backend</Filter>
    </ClInclude>
    <ClInclude Include="backend\Logger.h">
      <Filter>Header Files\backend</Filter>
    </ClInclude>
    <ClInclude Include="backend\RenameCore.h">
      <Filter>Header Files\backend</Filter>
    </ClInclude>
    <ClInclude Include="backend\SettingsHelper.h">
      <Filter>Header Files\backend</Filter>
    </ClInclude>
    <ClInclude Include="ui\DDControls.h">
      <Filter>Header Files\ui</Filter>
    </ClInclude>
    <ClInclude Include="ui\EditMode.h">
      <Filter>Header Files\ui</Filter>
    </ClInclude>
    <ClInclude Include="ui\SearchPage.h">
      <Filter>Header Files\ui</Filter>
    </ClInclude>
    <ClInclude Include="ui\ShutdownDialog.h">
      <Filter>Header Files\ui</Filter>
    </ClInclude>
    <ClInclude Include="pch.h">
      <Filter>Header Files</Filter>
    </ClInclude>
    <ClInclude Include="coreui\AnimationHelper.h">
      <Filter>Header Files\coreui</Filter>
    </ClInclude>
    <ClInclude Include="ui\Subview.h">
      <Filter>Header Files\ui</Filter>
    </ClInclude>
    <ClInclude Include="build_timestamp.h">
      <Filter>Source Files</Filter>
    </ClInclude>
  </ItemGroup>
  <ItemGroup>
    <ClCompile Include="coreui\AccentColorHelper.cpp">
      <Filter>Source Files\coreui</Filter>
    </ClCompile>
    <ClCompile Include="coreui\BitmapHelper.cpp">
      <Filter>Source Files\coreui</Filter>
    </ClCompile>
    <ClCompile Include="coreui\ColorHelper.cpp">
      <Filter>Source Files\coreui</Filter>
    </ClCompile>
    <ClCompile Include="coreui\StyleModifier.cpp">
      <Filter>Source Files\coreui</Filter>
    </ClCompile>
    <ClCompile Include="backend\ContextMenus.cpp">
      <Filter>Source Files\backend</Filter>
    </ClCompile>
    <ClCompile Include="backend\DirectoryHelper.cpp">
      <Filter>Source Files\backend</Filter>
    </ClCompile>
    <ClCompile Include="backend\Logger.cpp">
      <Filter>Source Files\backend</Filter>
    </ClCompile>
    <ClCompile Include="backend\RenameCore.cpp">
      <Filter>Source Files\backend</Filter>
    </ClCompile>
    <ClCompile Include="backend\SettingsHelper.cpp">
      <Filter>Source Files\backend</Filter>
    </ClCompile>
    <ClCompile Include="ui\DDControls.cpp">
      <Filter>Source Files\ui</Filter>
    </ClCompile>
    <ClCompile Include="ui\EditMode.cpp">
      <Filter>Source Files\ui</Filter>
    </ClCompile>
    <ClCompile Include="ui\SearchPage.cpp">
      <Filter>Source Files\ui</Filter>
    </ClCompile>
    <ClCompile Include="ui\ShutdownDialog.cpp">
      <Filter>Source Files\ui</Filter>
    </ClCompile>
    <ClCompile Include="DirectDesktop.cpp">
      <Filter>Source Files</Filter>
    </ClCompile>
    <ClCompile Include="pch.cpp">
      <Filter>Source Files</Filter>
    </ClCompile>
    <ClCompile Include="coreui\AnimationHelper.cpp">
      <Filter>Source Files\coreui</Filter>
    </ClCompile>
    <ClCompile Include="ui\Subview.cpp">
      <Filter>Source Files\ui</Filter>
    </ClCompile>
  </ItemGroup>
  <ItemGroup>
    <Image Include="small.ico">
      <Filter>Resource Files</Filter>
    </Image>
    <Image Include="DirectDesktop.ico">
      <Filter>Resource Files</Filter>
    </Image>
    <Image Include="ImageResources\3003.png">
      <Filter>Resource Files</Filter>
    </Image>
    <Image Include="ImageResources\3004.png">
      <Filter>Resource Files</Filter>
    </Image>
    <Image Include="ImageResources\3005.png">
      <Filter>Resource Files</Filter>
    </Image>
    <Image Include="ImageResources\3006.png">
      <Filter>Resource Files</Filter>
    </Image>
    <Image Include="ImageResources\3007.png">
      <Filter>Resource Files</Filter>
    </Image>
    <Image Include="ImageResources\3008.png">
      <Filter>Resource Files</Filter>
    </Image>
    <Image Include="ImageResources\3009.png">
      <Filter>Resource Files</Filter>
    </Image>
    <Image Include="ImageResources\3010.png">
      <Filter>Resource Files</Filter>
    </Image>
    <Image Include="ImageResources\3011.png">
      <Filter>Resource Files</Filter>
    </Image>
    <Image Include="ImageResources\3012.png">
      <Filter>Resource Files</Filter>
    </Image>
    <Image Include="ImageResources\3013.png">
      <Filter>Resource Files</Filter>
    </Image>
    <Image Include="ImageResources\3014.png">
      <Filter>Resource Files</Filter>
    </Image>
    <Image Include="ImageResources\3015.png">
      <Filter>Resource Files</Filter>
    </Image>
    <Image Include="ImageResources\3016.png">
      <Filter>Resource Files</Filter>
    </Image>
    <Image Include="ImageResources\3017.png">
      <Filter>Resource Files</Filter>
    </Image>
    <Image Include="ImageResources\3018.png">
      <Filter>Resource Files</Filter>
    </Image>
    <Image Include="ImageResources\3019.png">
      <Filter>Resource Files</Filter>
    </Image>
    <Image Include="ImageResources\3020.png">
      <Filter>Resource Files</Filter>
    </Image>
    <Image Include="ImageResources\3021.png">
      <Filter>Resource Files</Filter>
    </Image>
    <Image Include="ImageResources\3022.png">
      <Filter>Resource Files</Filter>
    </Image>
    <Image Include="ImageResources\3023.png">
      <Filter>Resource Files</Filter>
    </Image>
    <Image Include="ImageResources\3024.png">
      <Filter>Resource Files</Filter>
    </Image>
    <Image Include="ImageResources\3025.png">
      <Filter>Resource Files</Filter>
    </Image>
    <Image Include="ImageResources\3026.png">
      <Filter>Resource Files</Filter>
    </Image>
    <Image Include="ImageResources\3027.png">
      <Filter>Resource Files</Filter>
    </Image>
    <Image Include="ImageResources\3028.png">
      <Filter>Resource Files</Filter>
    </Image>
    <Image Include="ImageResources\3029.png">
      <Filter>Resource Files</Filter>
    </Image>
    <Image Include="ImageResources\3030.png">
      <Filter>Resource Files</Filter>
    </Image>
    <Image Include="ImageResources\3031.png">
      <Filter>Resource Files</Filter>
    </Image>
    <Image Include="ImageResources\3032.png">
      <Filter>Resource Files</Filter>
    </Image>
    <Image Include="ImageResources\3033.png">
      <Filter>Resource Files</Filter>
    </Image>
    <Image Include="ImageResources\3034.png">
      <Filter>Resource Files</Filter>
    </Image>
    <Image Include="ImageResources\3035.png">
      <Filter>Resource Files</Filter>
    </Image>
    <Image Include="ImageResources\3036.png">
      <Filter>Resource Files</Filter>
    </Image>
    <Image Include="ImageResources\3037.png">
      <Filter>Resource Files</Filter>
    </Image>
    <Image Include="ImageResources\3001.png">
      <Filter>Resource Files</Filter>
    </Image>
    <Image Include="ImageResources\3002.png">
      <Filter>Resource Files</Filter>
    </Image>
    <Image Include="ImageResources\1001.png">
      <Filter>Resource Files</Filter>
    </Image>
    <Image Include="ImageResources\1002.png">
      <Filter>Resource Files</Filter>
    </Image>
    <Image Include="ImageResources\1003.png">
      <Filter>Resource Files</Filter>
    </Image>
    <Image Include="ImageResources\1004.png">
      <Filter>Resource Files</Filter>
    </Image>
    <Image Include="ImageResources\1005.png">
      <Filter>Resource Files</Filter>
    </Image>
    <Image Include="ImageResources\1006.png">
      <Filter>Resource Files</Filter>
    </Image>
    <Image Include="ImageResources\1007.png">
      <Filter>Resource Files</Filter>
    </Image>
    <Image Include="ImageResources\1008.png">
      <Filter>Resource Files</Filter>
    </Image>
    <Image Include="ImageResources\1009.png">
      <Filter>Resource Files</Filter>
    </Image>
    <Image Include="ImageResources\1010.png">
      <Filter>Resource Files</Filter>
    </Image>
    <Image Include="ImageResources\1011.png">
      <Filter>Resource Files</Filter>
    </Image>
    <Image Include="ImageResources\1012.png">
      <Filter>Resource Files</Filter>
    </Image>
    <Image Include="ImageResources\1013.png">
      <Filter>Resource Files</Filter>
    </Image>
    <Image Include="ImageResources\1014.png">
      <Filter>Resource Files</Filter>
    </Image>
    <Image Include="ImageResources\1015.png">
      <Filter>Resource Files</Filter>
    </Image>
    <Image Include="ImageResources\1016.png">
      <Filter>Resource Files</Filter>
    </Image>
    <Image Include="ImageResources\1017.png">
      <Filter>Resource Files</Filter>
    </Image>
    <Image Include="ImageResources\1018.png">
      <Filter>Resource Files</Filter>
    </Image>
    <Image Include="ImageResources\1019.png">
      <Filter>Resource Files</Filter>
    </Image>
    <Image Include="ImageResources\1020.png">
      <Filter>Resource Files</Filter>
    </Image>
    <Image Include="ImageResources\1021.png">
      <Filter>Resource Files</Filter>
    </Image>
    <Image Include="ImageResources\1022.png">
      <Filter>Resource Files</Filter>
    </Image>
    <Image Include="ImageResources\1023.png">
      <Filter>Resource Files</Filter>
    </Image>
    <Image Include="ImageResources\1024.png">
      <Filter>Resource Files</Filter>
    </Image>
    <Image Include="ImageResources\1025.png">
      <Filter>Resource Files</Filter>
    </Image>
    <Image Include="ImageResources\1026.png">
      <Filter>Resource Files</Filter>
    </Image>
    <Image Include="ImageResources\1027.png">
      <Filter>Resource Files</Filter>
    </Image>
    <Image Include="ImageResources\1028.png">
      <Filter>Resource Files</Filter>
    </Image>
    <Image Include="ImageResources\1029.png">
      <Filter>Resource Files</Filter>
    </Image>
    <Image Include="ImageResources\1030.png">
      <Filter>Resource Files</Filter>
    </Image>
    <Image Include="ImageResources\1031.png">
      <Filter>Resource Files</Filter>
    </Image>
    <Image Include="ImageResources\1032.png">
      <Filter>Resource Files</Filter>
    </Image>
    <Image Include="ImageResources\1033.png">
      <Filter>Resource Files</Filter>
    </Image>
    <Image Include="ImageResources\1034.png">
      <Filter>Resource Files</Filter>
    </Image>
    <Image Include="ImageResources\1035.png">
      <Filter>Resource Files</Filter>
    </Image>
    <Image Include="ImageResources\1036.png">
      <Filter>Resource Files</Filter>
    </Image>
    <Image Include="ImageResources\1037.png">
      <Filter>Resource Files</Filter>
    </Image>
    <Image Include="ImageResources\1038.png">
      <Filter>Resource Files</Filter>
    </Image>
    <Image Include="ImageResources\1039.png">
      <Filter>Resource Files</Filter>
    </Image>
    <Image Include="ImageResources\1040.png">
      <Filter>Resource Files</Filter>
    </Image>
    <Image Include="ImageResources\1041.png">
      <Filter>Resource Files</Filter>
    </Image>
    <Image Include="ImageResources\1042.png">
      <Filter>Resource Files</Filter>
    </Image>
    <Image Include="ImageResources\1043.png">
      <Filter>Resource Files</Filter>
    </Image>
    <Image Include="ImageResources\1044.png">
      <Filter>Resource Files</Filter>
    </Image>
    <Image Include="ImageResources\1045.png">
      <Filter>Resource Files</Filter>
    </Image>
    <Image Include="ImageResources\1046.png">
      <Filter>Resource Files</Filter>
    </Image>
    <Image Include="ImageResources\1047.png">
      <Filter>Resource Files</Filter>
    </Image>
    <Image Include="ImageResources\1048.png">
      <Filter>Resource Files</Filter>
    </Image>
    <Image Include="ImageResources\1049.png">
      <Filter>Resource Files</Filter>
    </Image>
    <Image Include="ImageResources\1050.png">
      <Filter>Resource Files</Filter>
    </Image>
    <Image Include="ImageResources\1051.png">
      <Filter>Resource Files</Filter>
    </Image>
    <Image Include="ImageResources\1052.png">
      <Filter>Resource Files</Filter>
    </Image>
    <Image Include="ImageResources\1053.png">
      <Filter>Resource Files</Filter>
    </Image>
    <Image Include="ImageResources\1054.png">
      <Filter>Resource Files</Filter>
    </Image>
    <Image Include="ImageResources\1055.png">
      <Filter>Resource Files</Filter>
    </Image>
    <Image Include="ImageResources\1056.png">
      <Filter>Resource Files</Filter>
    </Image>
    <Image Include="ImageResources\1057.png">
      <Filter>Resource Files</Filter>
    </Image>
    <Image Include="ImageResources\1058.png">
      <Filter>Resource Files</Filter>
    </Image>
    <Image Include="ImageResources\1059.png">
      <Filter>Resource Files</Filter>
    </Image>
    <Image Include="ImageResources\1060.png">
      <Filter>Resource Files</Filter>
    </Image>
    <Image Include="ImageResources\1061.png">
      <Filter>Resource Files</Filter>
    </Image>
    <Image Include="ImageResources\1062.png">
      <Filter>Resource Files</Filter>
    </Image>
    <Image Include="ImageResources\1063.png">
      <Filter>Resource Files</Filter>
    </Image>
    <Image Include="ImageResources\1064.png">
      <Filter>Resource Files</Filter>
    </Image>
    <Image Include="ImageResources\1065.png">
      <Filter>Resource Files</Filter>
    </Image>
    <Image Include="ImageResources\1066.png">
      <Filter>Resource Files</Filter>
    </Image>
    <Image Include="ImageResources\1067.png">
      <Filter>Resource Files</Filter>
    </Image>
    <Image Include="ImageResources\1068.png">
      <Filter>Resource Files</Filter>
    </Image>
    <Image Include="ImageResources\1069.png">
      <Filter>Resource Files</Filter>
    </Image>
    <Image Include="ImageResources\1070.png">
      <Filter>Resource Files</Filter>
    </Image>
    <Image Include="ImageResources\1071.png">
      <Filter>Resource Files</Filter>
    </Image>
    <Image Include="ImageResources\1072.png">
      <Filter>Resource Files</Filter>
    </Image>
    <Image Include="ImageResources\1073.png">
      <Filter>Resource Files</Filter>
    </Image>
    <Image Include="ImageResources\1074.png">
      <Filter>Resource Files</Filter>
    </Image>
    <Image Include="ImageResources\1075.png">
      <Filter>Resource Files</Filter>
    </Image>
    <Image Include="ImageResources\1076.png">
      <Filter>Resource Files</Filter>
    </Image>
    <Image Include="ImageResources\1077.png">
      <Filter>Resource Files</Filter>
    </Image>
    <Image Include="ImageResources\1078.png">
      <Filter>Resource Files</Filter>
    </Image>
    <Image Include="ImageResources\1079.png">
      <Filter>Resource Files</Filter>
    </Image>
    <Image Include="ImageResources\1080.png">
      <Filter>Resource Files</Filter>
    </Image>
    <Image Include="ImageResources\1081.png">
      <Filter>Resource Files</Filter>
    </Image>
    <Image Include="ImageResources\1082.png">
      <Filter>Resource Files</Filter>
    </Image>
    <Image Include="ImageResources\1083.png">
      <Filter>Resource Files</Filter>
    </Image>
    <Image Include="ImageResources\1084.png">
      <Filter>Resource Files</Filter>
    </Image>
    <Image Include="ImageResources\1085.png">
      <Filter>Resource Files</Filter>
    </Image>
    <Image Include="ImageResources\1086.png">
      <Filter>Resource Files</Filter>
    </Image>
    <Image Include="ImageResources\1087.png">
      <Filter>Resource Files</Filter>
    </Image>
    <Image Include="ImageResources\1088.png">
      <Filter>Resource Files</Filter>
    </Image>
    <Image Include="ImageResources\1089.png">
      <Filter>Resource Files</Filter>
    </Image>
    <Image Include="ImageResources\1090.png">
      <Filter>Resource Files</Filter>
    </Image>
    <Image Include="ImageResources\1091.png">
      <Filter>Resource Files</Filter>
    </Image>
    <Image Include="ImageResources\1092.png">
      <Filter>Resource Files</Filter>
    </Image>
    <Image Include="ImageResources\1093.png">
      <Filter>Resource Files</Filter>
    </Image>
    <Image Include="ImageResources\1094.png">
      <Filter>Resource Files</Filter>
    </Image>
    <Image Include="ImageResources\1095.png">
      <Filter>Resource Files</Filter>
    </Image>
    <Image Include="ImageResources\1096.png">
      <Filter>Resource Files</Filter>
    </Image>
    <Image Include="ImageResources\1097.png">
      <Filter>Resource Files</Filter>
    </Image>
    <Image Include="ImageResources\1098.png">
      <Filter>Resource Files</Filter>
    </Image>
    <Image Include="ImageResources\1099.png">
      <Filter>Resource Files</Filter>
    </Image>
    <Image Include="ImageResources\11101.png">
      <Filter>Resource Files</Filter>
    </Image>
    <Image Include="ImageResources\11102.png">
      <Filter>Resource Files</Filter>
    </Image>
    <Image Include="ImageResources\11103.png">
      <Filter>Resource Files</Filter>
    </Image>
    <Image Include="ImageResources\11104.png">
      <Filter>Resource Files</Filter>
    </Image>
    <Image Include="ImageResources\11105.png">
      <Filter>Resource Files</Filter>
    </Image>
    <Image Include="ImageResources\11106.png">
      <Filter>Resource Files</Filter>
    </Image>
    <Image Include="ImageResources\11107.png">
      <Filter>Resource Files</Filter>
    </Image>
    <Image Include="ImageResources\11108.png">
      <Filter>Resource Files</Filter>
    </Image>
    <Image Include="ImageResources\11109.png">
      <Filter>Resource Files</Filter>
    </Image>
    <Image Include="ImageResources\11110.png">
      <Filter>Resource Files</Filter>
    </Image>
    <Image Include="ImageResources\11111.png">
      <Filter>Resource Files</Filter>
    </Image>
    <Image Include="ImageResources\11112.png">
      <Filter>Resource Files</Filter>
    </Image>
    <Image Include="ImageResources\11113.png">
      <Filter>Resource Files</Filter>
    </Image>
    <Image Include="ImageResources\11114.png">
      <Filter>Resource Files</Filter>
    </Image>
    <Image Include="ImageResources\11201.png">
      <Filter>Resource Files</Filter>
    </Image>
    <Image Include="ImageResources\11202.png">
      <Filter>Resource Files</Filter>
    </Image>
    <Image Include="ImageResources\11203.png">
      <Filter>Resource Files</Filter>
    </Image>
    <Image Include="ImageResources\11204.png">
      <Filter>Resource Files</Filter>
    </Image>
    <Image Include="ImageResources\11205.png">
      <Filter>Resource Files</Filter>
    </Image>
    <Image Include="ImageResources\11206.png">
      <Filter>Resource Files</Filter>
    </Image>
    <Image Include="ImageResources\11207.png">
      <Filter>Resource Files</Filter>
    </Image>
    <Image Include="ImageResources\11208.png">
      <Filter>Resource Files</Filter>
    </Image>
    <Image Include="ImageResources\11209.png">
      <Filter>Resource Files</Filter>
    </Image>
    <Image Include="ImageResources\11210.png">
      <Filter>Resource Files</Filter>
    </Image>
    <Image Include="ImageResources\11211.png">
      <Filter>Resource Files</Filter>
    </Image>
    <Image Include="ImageResources\11212.png">
      <Filter>Resource Files</Filter>
    </Image>
    <Image Include="ImageResources\11213.png">
      <Filter>Resource Files</Filter>
    </Image>
    <Image Include="ImageResources\11214.png">
      <Filter>Resource Files</Filter>
    </Image>
    <Image Include="ImageResources\2001.png">
      <Filter>Resource Files</Filter>
    </Image>
    <Image Include="ImageResources\2002.png">
      <Filter>Resource Files</Filter>
    </Image>
    <Image Include="ImageResources\2003.png">
      <Filter>Resource Files</Filter>
    </Image>
    <Image Include="ImageResources\2004.png">
      <Filter>Resource Files</Filter>
    </Image>
    <Image Include="ImageResources\2005.png">
      <Filter>Resource Files</Filter>
    </Image>
    <Image Include="ImageResources\2006.png">
      <Filter>Resource Files</Filter>
    </Image>
    <Image Include="ImageResources\2007.png">
      <Filter>Resource Files</Filter>
    </Image>
    <Image Include="ImageResources\2008.png">
      <Filter>Resource Files</Filter>
    </Image>
    <Image Include="ImageResources\2009.png">
      <Filter>Resource Files</Filter>
    </Image>
    <Image Include="ImageResources\2010.png">
      <Filter>Resource Files</Filter>
    </Image>
    <Image Include="ImageResources\2011.png">
      <Filter>Resource Files</Filter>
    </Image>
    <Image Include="ImageResources\2012.png">
      <Filter>Resource Files</Filter>
    </Image>
    <Image Include="ImageResources\2013.png">
      <Filter>Resource Files</Filter>
    </Image>
    <Image Include="ImageResources\2014.png">
      <Filter>Resource Files</Filter>
    </Image>
    <Image Include="ImageResources\2015.png">
      <Filter>Resource Files</Filter>
    </Image>
    <Image Include="ImageResources\2016.png">
      <Filter>Resource Files</Filter>
    </Image>
    <Image Include="ImageResources\2017.png">
      <Filter>Resource Files</Filter>
    </Image>
    <Image Include="ImageResources\2018.png">
      <Filter>Resource Files</Filter>
    </Image>
    <Image Include="ImageResources\2019.png">
      <Filter>Resource Files</Filter>
    </Image>
    <Image Include="ImageResources\2020.png">
      <Filter>Resource Files</Filter>
    </Image>
    <Image Include="ImageResources\2021.png">
      <Filter>Resource Files</Filter>
    </Image>
    <Image Include="ImageResources\2022.png">
      <Filter>Resource Files</Filter>
    </Image>
    <Image Include="ImageResources\2023.png">
      <Filter>Resource Files</Filter>
    </Image>
    <Image Include="ImageResources\2024.png">
      <Filter>Resource Files</Filter>
    </Image>
    <Image Include="ImageResources\2025.png">
      <Filter>Resource Files</Filter>
    </Image>
    <Image Include="ImageResources\2026.png">
      <Filter>Resource Files</Filter>
    </Image>
    <Image Include="ImageResources\2027.png">
      <Filter>Resource Files</Filter>
    </Image>
    <Image Include="ImageResources\2028.png">
      <Filter>Resource Files</Filter>
    </Image>
    <Image Include="ImageResources\2029.png">
      <Filter>Resource Files</Filter>
    </Image>
    <Image Include="ImageResources\2030.png">
      <Filter>Resource Files</Filter>
    </Image>
    <Image Include="ImageResources\2031.png">
      <Filter>Resource Files</Filter>
    </Image>
    <Image Include="ImageResources\2032.png">
      <Filter>Resource Files</Filter>
    </Image>
    <Image Include="ImageResources\2033.png">
      <Filter>Resource Files</Filter>
    </Image>
    <Image Include="ImageResources\2034.png">
      <Filter>Resource Files</Filter>
    </Image>
    <Image Include="ImageResources\2035.png">
      <Filter>Resource Files</Filter>
    </Image>
    <Image Include="ImageResources\2036.png">
      <Filter>Resource Files</Filter>
    </Image>
    <Image Include="ImageResources\2037.png">
      <Filter>Resource Files</Filter>
    </Image>
    <Image Include="ImageResources\2038.png">
      <Filter>Resource Files</Filter>
    </Image>
    <Image Include="ImageResources\2039.png">
      <Filter>Resource Files</Filter>
    </Image>
    <Image Include="ImageResources\2040.png">
      <Filter>Resource Files</Filter>
    </Image>
    <Image Include="ImageResources\2041.png">
      <Filter>Resource Files</Filter>
    </Image>
    <Image Include="ImageResources\2042.png">
      <Filter>Resource Files</Filter>
    </Image>
    <Image Include="ImageResources\2043.png">
      <Filter>Resource Files</Filter>
    </Image>
    <Image Include="ImageResources\2044.png">
      <Filter>Resource Files</Filter>
    </Image>
    <Image Include="ImageResources\2045.png">
      <Filter>Resource Files</Filter>
    </Image>
    <Image Include="ImageResources\2046.png">
      <Filter>Resource Files</Filter>
    </Image>
    <Image Include="ImageResources\2047.png">
      <Filter>Resource Files</Filter>
    </Image>
    <Image Include="ImageResources\2048.png">
      <Filter>Resource Files</Filter>
    </Image>
    <Image Include="ImageResources\2049.png">
      <Filter>Resource Files</Filter>
    </Image>
    <Image Include="ImageResources\2050.png">
      <Filter>Resource Files</Filter>
    </Image>
    <Image Include="ImageResources\2051.png">
      <Filter>Resource Files</Filter>
    </Image>
    <Image Include="ImageResources\2052.png">
      <Filter>Resource Files</Filter>
    </Image>
    <Image Include="ImageResources\2053.png">
      <Filter>Resource Files</Filter>
    </Image>
    <Image Include="ImageResources\2054.png">
      <Filter>Resource Files</Filter>
    </Image>
    <Image Include="ImageResources\2055.png">
      <Filter>Resource Files</Filter>
    </Image>
    <Image Include="ImageResources\2056.png">
      <Filter>Resource Files</Filter>
    </Image>
    <Image Include="ImageResources\2057.png">
      <Filter>Resource Files</Filter>
    </Image>
    <Image Include="ImageResources\2058.png">
      <Filter>Resource Files</Filter>
    </Image>
    <Image Include="ImageResources\2059.png">
      <Filter>Resource Files</Filter>
    </Image>
    <Image Include="ImageResources\2060.png">
      <Filter>Resource Files</Filter>
    </Image>
    <Image Include="ImageResources\2061.png">
      <Filter>Resource Files</Filter>
    </Image>
    <Image Include="ImageResources\2062.png">
      <Filter>Resource Files</Filter>
    </Image>
    <Image Include="ImageResources\2063.png">
      <Filter>Resource Files</Filter>
    </Image>
    <Image Include="ImageResources\2064.png">
      <Filter>Resource Files</Filter>
    </Image>
    <Image Include="ImageResources\2065.png">
      <Filter>Resource Files</Filter>
    </Image>
    <Image Include="ImageResources\2066.png">
      <Filter>Resource Files</Filter>
    </Image>
    <Image Include="ImageResources\2067.png">
      <Filter>Resource Files</Filter>
    </Image>
    <Image Include="ImageResources\2068.png">
      <Filter>Resource Files</Filter>
    </Image>
    <Image Include="ImageResources\2069.png">
      <Filter>Resource Files</Filter>
    </Image>
    <Image Include="ImageResources\2070.png">
      <Filter>Resource Files</Filter>
    </Image>
    <Image Include="ImageResources\2071.png">
      <Filter>Resource Files</Filter>
    </Image>
    <Image Include="ImageResources\2072.png">
      <Filter>Resource Files</Filter>
    </Image>
    <Image Include="ImageResources\2073.png">
      <Filter>Resource Files</Filter>
    </Image>
    <Image Include="ImageResources\2074.png">
      <Filter>Resource Files</Filter>
    </Image>
    <Image Include="ImageResources\2075.png">
      <Filter>Resource Files</Filter>
    </Image>
    <Image Include="ImageResources\2076.png">
      <Filter>Resource Files</Filter>
    </Image>
    <Image Include="ImageResources\2077.png">
      <Filter>Resource Files</Filter>
    </Image>
    <Image Include="ImageResources\2078.png">
      <Filter>Resource Files</Filter>
    </Image>
    <Image Include="ImageResources\2079.png">
      <Filter>Resource Files</Filter>
    </Image>
    <Image Include="ImageResources\2080.png">
      <Filter>Resource Files</Filter>
    </Image>
    <Image Include="ImageResources\2081.png">
      <Filter>Resource Files</Filter>
    </Image>
    <Image Include="ImageResources\2082.png">
      <Filter>Resource Files</Filter>
    </Image>
    <Image Include="ImageResources\2083.png">
      <Filter>Resource Files</Filter>
    </Image>
    <Image Include="ImageResources\2084.png">
      <Filter>Resource Files</Filter>
    </Image>
    <Image Include="ImageResources\2085.png">
      <Filter>Resource Files</Filter>
    </Image>
    <Image Include="ImageResources\2086.png">
      <Filter>Resource Files</Filter>
    </Image>
    <Image Include="ImageResources\2087.png">
      <Filter>Resource Files</Filter>
    </Image>
    <Image Include="ImageResources\2088.png">
      <Filter>Resource Files</Filter>
    </Image>
    <Image Include="ImageResources\2089.png">
      <Filter>Resource Files</Filter>
    </Image>
    <Image Include="ImageResources\2090.png">
      <Filter>Resource Files</Filter>
    </Image>
    <Image Include="ImageResources\2091.png">
      <Filter>Resource Files</Filter>
    </Image>
    <Image Include="ImageResources\2092.png">
      <Filter>Resource Files</Filter>
    </Image>
    <Image Include="ImageResources\2093.png">
      <Filter>Resource Files</Filter>
    </Image>
    <Image Include="ImageResources\2094.png">
      <Filter>Resource Files</Filter>
    </Image>
    <Image Include="ImageResources\2095.png">
      <Filter>Resource Files</Filter>
    </Image>
    <Image Include="ImageResources\2096.png">
      <Filter>Resource Files</Filter>
    </Image>
    <Image Include="ImageResources\2097.png">
      <Filter>Resource Files</Filter>
    </Image>
    <Image Include="ImageResources\2098.png">
      <Filter>Resource Files</Filter>
    </Image>
    <Image Include="ImageResources\2099.png">
      <Filter>Resource Files</Filter>
    </Image>
    <Image Include="ImageResources\3038.png">
      <Filter>Resource Files</Filter>
    </Image>
    <Image Include="ImageResources\3039.png">
      <Filter>Resource Files</Filter>
    </Image>
    <Image Include="ImageResources\3040.png">
      <Filter>Resource Files</Filter>
    </Image>
    <Image Include="ImageResources\3041.png">
      <Filter>Resource Files</Filter>
    </Image>
    <Image Include="ImageResources\3042.png">
      <Filter>Resource Files</Filter>
    </Image>
    <Image Include="ImageResources\3043.png">
      <Filter>Resource Files</Filter>
    </Image>
    <Image Include="ImageResources\3044.png">
      <Filter>Resource Files</Filter>
    </Image>
    <Image Include="ImageResources\3045.png">
      <Filter>Resource Files</Filter>
    </Image>
    <Image Include="ImageResources\3046.png">
      <Filter>Resource Files</Filter>
    </Image>
    <Image Include="ImageResources\3047.png">
      <Filter>Resource Files</Filter>
    </Image>
    <Image Include="ImageResources\3048.png">
      <Filter>Resource Files</Filter>
    </Image>
    <Image Include="ImageResources\3049.png">
      <Filter>Resource Files</Filter>
    </Image>
    <Image Include="ImageResources\3050.png">
      <Filter>Resource Files</Filter>
    </Image>
    <Image Include="ImageResources\3051.png">
      <Filter>Resource Files</Filter>
    </Image>
    <Image Include="ImageResources\3052.png">
      <Filter>Resource Files</Filter>
    </Image>
    <Image Include="ImageResources\3053.png">
      <Filter>Resource Files</Filter>
    </Image>
    <Image Include="ImageResources\3054.png">
      <Filter>Resource Files</Filter>
    </Image>
    <Image Include="ImageResources\3055.png">
      <Filter>Resource Files</Filter>
    </Image>
    <Image Include="ImageResources\3056.png">
      <Filter>Resource Files</Filter>
    </Image>
    <Image Include="ImageResources\3057.png">
      <Filter>Resource Files</Filter>
    </Image>
    <Image Include="ImageResources\3058.png">
      <Filter>Resource Files</Filter>
    </Image>
    <Image Include="ImageResources\1100.png">
      <Filter>Resource Files</Filter>
    </Image>
    <Image Include="ImageResources\1101.png">
      <Filter>Resource Files</Filter>
    </Image>
    <Image Include="ImageResources\1102.png">
      <Filter>Resource Files</Filter>
    </Image>
    <Image Include="ImageResources\1103.png">
      <Filter>Resource Files</Filter>
    </Image>
    <Image Include="ImageResources\1104.png">
      <Filter>Resource Files</Filter>
    </Image>
    <Image Include="ImageResources\1105.png">
      <Filter>Resource Files</Filter>
    </Image>
    <Image Include="ImageResources\1106.png">
      <Filter>Resource Files</Filter>
    </Image>
    <Image Include="ImageResources\1107.png">
      <Filter>Resource Files</Filter>
    </Image>
    <Image Include="ImageResources\1108.png">
      <Filter>Resource Files</Filter>
    </Image>
    <Image Include="ImageResources\1109.png">
      <Filter>Resource Files</Filter>
    </Image>
    <Image Include="ImageResources\1110.png">
      <Filter>Resource Files</Filter>
    </Image>
    <Image Include="ImageResources\1111.png">
      <Filter>Resource Files</Filter>
    </Image>
    <Image Include="ImageResources\1112.png">
      <Filter>Resource Files</Filter>
    </Image>
    <Image Include="ImageResources\1113.png">
      <Filter>Resource Files</Filter>
    </Image>
    <Image Include="ImageResources\1114.png">
      <Filter>Resource Files</Filter>
    </Image>
    <Image Include="ImageResources\1115.png">
      <Filter>Resource Files</Filter>
    </Image>
    <Image Include="ImageResources\1116.png">
      <Filter>Resource Files</Filter>
    </Image>
    <Image Include="ImageResources\1117.png">
      <Filter>Resource Files</Filter>
    </Image>
    <Image Include="ImageResources\1118.png">
      <Filter>Resource Files</Filter>
    </Image>
    <Image Include="ImageResources\1119.png">
      <Filter>Resource Files</Filter>
    </Image>
    <Image Include="ImageResources\1120.png">
      <Filter>Resource Files</Filter>
    </Image>
    <Image Include="ImageResources\1121.png">
      <Filter>Resource Files</Filter>
    </Image>
    <Image Include="ImageResources\1122.png">
      <Filter>Resource Files</Filter>
    </Image>
    <Image Include="ImageResources\1123.png">
      <Filter>Resource Files</Filter>
    </Image>
    <Image Include="ImageResources\1124.png">
      <Filter>Resource Files</Filter>
    </Image>
    <Image Include="ImageResources\1125.png">
      <Filter>Resource Files</Filter>
    </Image>
    <Image Include="ImageResources\1126.png">
      <Filter>Resource Files</Filter>
    </Image>
    <Image Include="ImageResources\1127.png">
      <Filter>Resource Files</Filter>
    </Image>
    <Image Include="ImageResources\1128.png">
      <Filter>Resource Files</Filter>
    </Image>
    <Image Include="ImageResources\1129.png">
      <Filter>Resource Files</Filter>
    </Image>
    <Image Include="ImageResources\1130.png">
      <Filter>Resource Files</Filter>
    </Image>
    <Image Include="ImageResources\1131.png">
      <Filter>Resource Files</Filter>
    </Image>
    <Image Include="ImageResources\1132.png">
      <Filter>Resource Files</Filter>
    </Image>
    <Image Include="ImageResources\1133.png">
      <Filter>Resource Files</Filter>
    </Image>
    <Image Include="ImageResources\1134.png">
      <Filter>Resource Files</Filter>
    </Image>
    <Image Include="ImageResources\1135.png">
      <Filter>Resource Files</Filter>
    </Image>
    <Image Include="ImageResources\1136.png">
      <Filter>Resource Files</Filter>
    </Image>
    <Image Include="ImageResources\1137.png">
      <Filter>Resource Files</Filter>
    </Image>
    <Image Include="ImageResources\1138.png">
      <Filter>Resource Files</Filter>
    </Image>
    <Image Include="ImageResources\1139.png">
      <Filter>Resource Files</Filter>
    </Image>
    <Image Include="ImageResources\1140.png">
      <Filter>Resource Files</Filter>
    </Image>
    <Image Include="ImageResources\1141.png">
      <Filter>Resource Files</Filter>
    </Image>
    <Image Include="ImageResources\1142.png">
      <Filter>Resource Files</Filter>
    </Image>
    <Image Include="ImageResources\1143.png">
      <Filter>Resource Files</Filter>
    </Image>
    <Image Include="ImageResources\1144.png">
      <Filter>Resource Files</Filter>
    </Image>
    <Image Include="ImageResources\1145.png">
      <Filter>Resource Files</Filter>
    </Image>
    <Image Include="ImageResources\1146.png">
      <Filter>Resource Files</Filter>
    </Image>
    <Image Include="ImageResources\1147.png">
      <Filter>Resource Files</Filter>
    </Image>
    <Image Include="ImageResources\1148.png">
      <Filter>Resource Files</Filter>
    </Image>
    <Image Include="ImageResources\1149.png">
      <Filter>Resource Files</Filter>
    </Image>
    <Image Include="ImageResources\1150.png">
      <Filter>Resource Files</Filter>
    </Image>
    <Image Include="ImageResources\1151.png">
      <Filter>Resource Files</Filter>
    </Image>
    <Image Include="ImageResources\1152.png">
      <Filter>Resource Files</Filter>
    </Image>
    <Image Include="ImageResources\1153.png">
      <Filter>Resource Files</Filter>
    </Image>
    <Image Include="ImageResources\1154.png">
      <Filter>Resource Files</Filter>
    </Image>
    <Image Include="ImageResources\1155.png">
      <Filter>Resource Files</Filter>
    </Image>
    <Image Include="ImageResources\1156.png">
      <Filter>Resource Files</Filter>
    </Image>
    <Image Include="ImageResources\1157.png">
      <Filter>Resource Files</Filter>
    </Image>
    <Image Include="ImageResources\1158.png">
      <Filter>Resource Files</Filter>
    </Image>
    <Image Include="ImageResources\1159.png">
      <Filter>Resource Files</Filter>
    </Image>
    <Image Include="ImageResources\1160.png">
      <Filter>Resource Files</Filter>
    </Image>
    <Image Include="ImageResources\1161.png">
      <Filter>Resource Files</Filter>
    </Image>
    <Image Include="ImageResources\1162.png">
      <Filter>Resource Files</Filter>
    </Image>
    <Image Include="ImageResources\1163.png">
      <Filter>Resource Files</Filter>
    </Image>
    <Image Include="ImageResources\1164.png">
      <Filter>Resource Files</Filter>
    </Image>
    <Image Include="ImageResources\1165.png">
      <Filter>Resource Files</Filter>
    </Image>
    <Image Include="ImageResources\1166.png">
      <Filter>Resource Files</Filter>
    </Image>
    <Image Include="ImageResources\1167.png">
      <Filter>Resource Files</Filter>
    </Image>
    <Image Include="ImageResources\1168.png">
      <Filter>Resource Files</Filter>
    </Image>
    <Image Include="ImageResources\1169.png">
      <Filter>Resource Files</Filter>
    </Image>
    <Image Include="ImageResources\1170.png">
      <Filter>Resource Files</Filter>
    </Image>
    <Image Include="ImageResources\1171.png">
      <Filter>Resource Files</Filter>
    </Image>
    <Image Include="ImageResources\1172.png">
      <Filter>Resource Files</Filter>
    </Image>
    <Image Include="ImageResources\1173.png">
      <Filter>Resource Files</Filter>
    </Image>
    <Image Include="ImageResources\1174.png">
      <Filter>Resource Files</Filter>
    </Image>
    <Image Include="ImageResources\1175.png">
      <Filter>Resource Files</Filter>
    </Image>
    <Image Include="ImageResources\1176.png">
      <Filter>Resource Files</Filter>
    </Image>
    <Image Include="ImageResources\1177.png">
      <Filter>Resource Files</Filter>
    </Image>
    <Image Include="ImageResources\1178.png">
      <Filter>Resource Files</Filter>
    </Image>
    <Image Include="ImageResources\1179.png">
      <Filter>Resource Files</Filter>
    </Image>
    <Image Include="ImageResources\1180.png">
      <Filter>Resource Files</Filter>
    </Image>
    <Image Include="ImageResources\1181.png">
      <Filter>Resource Files</Filter>
    </Image>
    <Image Include="ImageResources\1182.png">
      <Filter>Resource Files</Filter>
    </Image>
    <Image Include="ImageResources\1183.png">
      <Filter>Resource Files</Filter>
    </Image>
    <Image Include="ImageResources\1184.png">
      <Filter>Resource Files</Filter>
    </Image>
    <Image Include="ImageResources\1185.png">
      <Filter>Resource Files</Filter>
    </Image>
    <Image Include="ImageResources\1186.png">
      <Filter>Resource Files</Filter>
    </Image>
    <Image Include="ImageResources\1187.png">
      <Filter>Resource Files</Filter>
    </Image>
    <Image Include="ImageResources\1188.png">
      <Filter>Resource Files</Filter>
    </Image>
    <Image Include="ImageResources\1189.png">
      <Filter>Resource Files</Filter>
    </Image>
    <Image Include="ImageResources\1190.png">
      <Filter>Resource Files</Filter>
    </Image>
    <Image Include="ImageResources\1191.png">
      <Filter>Resource Files</Filter>
    </Image>
    <Image Include="ImageResources\1192.png">
      <Filter>Resource Files</Filter>
    </Image>
    <Image Include="ImageResources\1193.png">
      <Filter>Resource Files</Filter>
    </Image>
    <Image Include="ImageResources\1194.png">
      <Filter>Resource Files</Filter>
    </Image>
    <Image Include="ImageResources\1195.png">
      <Filter>Resource Files</Filter>
    </Image>
    <Image Include="ImageResources\1196.png">
      <Filter>Resource Files</Filter>
    </Image>
    <Image Include="ImageResources\1197.png">
      <Filter>Resource Files</Filter>
    </Image>
    <Image Include="ImageResources\1198.png">
      <Filter>Resource Files</Filter>
    </Image>
    <Image Include="ImageResources\1199.png">
      <Filter>Resource Files</Filter>
    </Image>
    <Image Include="ImageResources\1200.png">
      <Filter>Resource Files</Filter>
    </Image>
    <Image Include="ImageResources\1201.png">
      <Filter>Resource Files</Filter>
    </Image>
    <Image Include="ImageResources\1202.png">
      <Filter>Resource Files</Filter>
    </Image>
    <Image Include="ImageResources\1203.png">
      <Filter>Resource Files</Filter>
    </Image>
    <Image Include="ImageResources\1204.png">
      <Filter>Resource Files</Filter>
    </Image>
    <Image Include="ImageResources\2100.png">
      <Filter>Resource Files</Filter>
    </Image>
    <Image Include="ImageResources\2101.png">
      <Filter>Resource Files</Filter>
    </Image>
    <Image Include="ImageResources\2102.png">
      <Filter>Resource Files</Filter>
    </Image>
    <Image Include="ImageResources\2103.png">
      <Filter>Resource Files</Filter>
    </Image>
    <Image Include="ImageResources\2104.png">
      <Filter>Resource Files</Filter>
    </Image>
    <Image Include="ImageResources\2105.png">
      <Filter>Resource Files</Filter>
    </Image>
    <Image Include="ImageResources\2106.png">
      <Filter>Resource Files</Filter>
    </Image>
    <Image Include="ImageResources\2107.png">
      <Filter>Resource Files</Filter>
    </Image>
    <Image Include="ImageResources\2108.png">
      <Filter>Resource Files</Filter>
    </Image>
    <Image Include="ImageResources\2109.png">
      <Filter>Resource Files</Filter>
    </Image>
    <Image Include="ImageResources\2110.png">
      <Filter>Resource Files</Filter>
    </Image>
    <Image Include="ImageResources\2111.png">
      <Filter>Resource Files</Filter>
    </Image>
    <Image Include="ImageResources\2112.png">
      <Filter>Resource Files</Filter>
    </Image>
    <Image Include="ImageResources\2113.png">
      <Filter>Resource Files</Filter>
    </Image>
    <Image Include="ImageResources\2114.png">
      <Filter>Resource Files</Filter>
    </Image>
    <Image Include="ImageResources\2115.png">
      <Filter>Resource Files</Filter>
    </Image>
    <Image Include="ImageResources\2116.png">
      <Filter>Resource Files</Filter>
    </Image>
    <Image Include="ImageResources\2117.png">
      <Filter>Resource Files</Filter>
    </Image>
    <Image Include="ImageResources\2118.png">
      <Filter>Resource Files</Filter>
    </Image>
    <Image Include="ImageResources\2119.png">
      <Filter>Resource Files</Filter>
    </Image>
    <Image Include="ImageResources\2120.png">
      <Filter>Resource Files</Filter>
    </Image>
    <Image Include="ImageResources\2121.png">
      <Filter>Resource Files</Filter>
    </Image>
    <Image Include="ImageResources\2122.png">
      <Filter>Resource Files</Filter>
    </Image>
    <Image Include="ImageResources\2123.png">
      <Filter>Resource Files</Filter>
    </Image>
    <Image Include="ImageResources\2124.png">
      <Filter>Resource Files</Filter>
    </Image>
    <Image Include="ImageResources\2125.png">
      <Filter>Resource Files</Filter>
    </Image>
    <Image Include="ImageResources\2126.png">
      <Filter>Resource Files</Filter>
    </Image>
    <Image Include="ImageResources\2127.png">
      <Filter>Resource Files</Filter>
    </Image>
    <Image Include="ImageResources\2128.png">
      <Filter>Resource Files</Filter>
    </Image>
    <Image Include="ImageResources\2129.png">
      <Filter>Resource Files</Filter>
    </Image>
    <Image Include="ImageResources\2130.png">
      <Filter>Resource Files</Filter>
    </Image>
    <Image Include="ImageResources\2131.png">
      <Filter>Resource Files</Filter>
    </Image>
    <Image Include="ImageResources\2132.png">
      <Filter>Resource Files</Filter>
    </Image>
    <Image Include="ImageResources\2133.png">
      <Filter>Resource Files</Filter>
    </Image>
    <Image Include="ImageResources\2134.png">
      <Filter>Resource Files</Filter>
    </Image>
    <Image Include="ImageResources\2135.png">
      <Filter>Resource Files</Filter>
    </Image>
    <Image Include="ImageResources\2136.png">
      <Filter>Resource Files</Filter>
    </Image>
    <Image Include="ImageResources\2137.png">
      <Filter>Resource Files</Filter>
    </Image>
    <Image Include="ImageResources\2138.png">
      <Filter>Resource Files</Filter>
    </Image>
    <Image Include="ImageResources\2139.png">
      <Filter>Resource Files</Filter>
    </Image>
    <Image Include="ImageResources\2140.png">
      <Filter>Resource Files</Filter>
    </Image>
    <Image Include="ImageResources\2141.png">
      <Filter>Resource Files</Filter>
    </Image>
    <Image Include="ImageResources\2142.png">
      <Filter>Resource Files</Filter>
    </Image>
    <Image Include="ImageResources\2143.png">
      <Filter>Resource Files</Filter>
    </Image>
    <Image Include="ImageResources\2144.png">
      <Filter>Resource Files</Filter>
    </Image>
    <Image Include="ImageResources\2145.png">
      <Filter>Resource Files</Filter>
    </Image>
    <Image Include="ImageResources\2146.png">
      <Filter>Resource Files</Filter>
    </Image>
    <Image Include="ImageResources\2147.png">
      <Filter>Resource Files</Filter>
    </Image>
    <Image Include="ImageResources\2148.png">
      <Filter>Resource Files</Filter>
    </Image>
    <Image Include="ImageResources\2149.png">
      <Filter>Resource Files</Filter>
    </Image>
    <Image Include="ImageResources\2150.png">
      <Filter>Resource Files</Filter>
    </Image>
    <Image Include="ImageResources\2151.png">
      <Filter>Resource Files</Filter>
    </Image>
    <Image Include="ImageResources\2152.png">
      <Filter>Resource Files</Filter>
    </Image>
    <Image Include="ImageResources\2153.png">
      <Filter>Resource Files</Filter>
    </Image>
    <Image Include="ImageResources\2154.png">
      <Filter>Resource Files</Filter>
    </Image>
    <Image Include="ImageResources\2155.png">
      <Filter>Resource Files</Filter>
    </Image>
    <Image Include="ImageResources\2156.png">
      <Filter>Resource Files</Filter>
    </Image>
    <Image Include="ImageResources\2157.png">
      <Filter>Resource Files</Filter>
    </Image>
    <Image Include="ImageResources\2158.png">
      <Filter>Resource Files</Filter>
    </Image>
    <Image Include="ImageResources\2159.png">
      <Filter>Resource Files</Filter>
    </Image>
    <Image Include="ImageResources\2160.png">
      <Filter>Resource Files</Filter>
    </Image>
    <Image Include="ImageResources\2161.png">
      <Filter>Resource Files</Filter>
    </Image>
    <Image Include="ImageResources\2162.png">
      <Filter>Resource Files</Filter>
    </Image>
    <Image Include="ImageResources\2163.png">
      <Filter>Resource Files</Filter>
    </Image>
    <Image Include="ImageResources\2164.png">
      <Filter>Resource Files</Filter>
    </Image>
    <Image Include="ImageResources\2165.png">
      <Filter>Resource Files</Filter>
    </Image>
    <Image Include="ImageResources\2166.png">
      <Filter>Resource Files</Filter>
    </Image>
    <Image Include="ImageResources\2167.png">
      <Filter>Resource Files</Filter>
    </Image>
    <Image Include="ImageResources\2168.png">
      <Filter>Resource Files</Filter>
    </Image>
    <Image Include="ImageResources\2169.png">
      <Filter>Resource Files</Filter>
    </Image>
    <Image Include="ImageResources\2170.png">
      <Filter>Resource Files</Filter>
    </Image>
    <Image Include="ImageResources\2171.png">
      <Filter>Resource Files</Filter>
    </Image>
    <Image Include="ImageResources\2172.png">
      <Filter>Resource Files</Filter>
    </Image>
    <Image Include="ImageResources\2173.png">
      <Filter>Resource Files</Filter>
    </Image>
    <Image Include="ImageResources\2174.png">
      <Filter>Resource Files</Filter>
    </Image>
    <Image Include="ImageResources\2175.png">
      <Filter>Resource Files</Filter>
    </Image>
    <Image Include="ImageResources\2176.png">
      <Filter>Resource Files</Filter>
    </Image>
    <Image Include="ImageResources\2177.png">
      <Filter>Resource Files</Filter>
    </Image>
    <Image Include="ImageResources\2178.png">
      <Filter>Resource Files</Filter>
    </Image>
    <Image Include="ImageResources\2179.png">
      <Filter>Resource Files</Filter>
    </Image>
    <Image Include="ImageResources\2180.png">
      <Filter>Resource Files</Filter>
    </Image>
    <Image Include="ImageResources\2181.png">
      <Filter>Resource Files</Filter>
    </Image>
    <Image Include="ImageResources\2182.png">
      <Filter>Resource Files</Filter>
    </Image>
    <Image Include="ImageResources\2183.png">
      <Filter>Resource Files</Filter>
    </Image>
    <Image Include="ImageResources\2184.png">
      <Filter>Resource Files</Filter>
    </Image>
    <Image Include="ImageResources\2185.png">
      <Filter>Resource Files</Filter>
    </Image>
    <Image Include="ImageResources\2186.png">
      <Filter>Resource Files</Filter>
    </Image>
    <Image Include="ImageResources\2187.png">
      <Filter>Resource Files</Filter>
    </Image>
    <Image Include="ImageResources\2188.png">
      <Filter>Resource Files</Filter>
    </Image>
    <Image Include="ImageResources\2189.png">
      <Filter>Resource Files</Filter>
    </Image>
    <Image Include="ImageResources\2190.png">
      <Filter>Resource Files</Filter>
    </Image>
    <Image Include="ImageResources\2191.png">
      <Filter>Resource Files</Filter>
    </Image>
    <Image Include="ImageResources\2192.png">
      <Filter>Resource Files</Filter>
    </Image>
    <Image Include="ImageResources\2193.png">
      <Filter>Resource Files</Filter>
    </Image>
    <Image Include="ImageResources\2194.png">
      <Filter>Resource Files</Filter>
    </Image>
    <Image Include="ImageResources\2195.png">
      <Filter>Resource Files</Filter>
    </Image>
    <Image Include="ImageResources\2196.png">
      <Filter>Resource Files</Filter>
    </Image>
    <Image Include="ImageResources\2197.png">
      <Filter>Resource Files</Filter>
    </Image>
    <Image Include="ImageResources\2198.png">
      <Filter>Resource Files</Filter>
    </Image>
    <Image Include="ImageResources\2199.png">
      <Filter>Resource Files</Filter>
    </Image>
    <Image Include="ImageResources\2200.png">
      <Filter>Resource Files</Filter>
    </Image>
    <Image Include="ImageResources\2201.png">
      <Filter>Resource Files</Filter>
    </Image>
    <Image Include="ImageResources\2202.png">
      <Filter>Resource Files</Filter>
    </Image>
    <Image Include="ImageResources\2203.png">
      <Filter>Resource Files</Filter>
    </Image>
    <Image Include="ImageResources\2204.png">
      <Filter>Resource Files</Filter>
    </Image>
    <Image Include="ImageResources\1205.png">
      <Filter>Resource Files</Filter>
    </Image>
    <Image Include="ImageResources\1206.png">
      <Filter>Resource Files</Filter>
    </Image>
    <Image Include="ImageResources\1207.png">
      <Filter>Resource Files</Filter>
    </Image>
    <Image Include="ImageResources\1208.png">
      <Filter>Resource Files</Filter>
    </Image>
    <Image Include="ImageResources\1209.png">
      <Filter>Resource Files</Filter>
    </Image>
    <Image Include="ImageResources\1210.png">
      <Filter>Resource Files</Filter>
    </Image>
    <Image Include="ImageResources\1211.png">
      <Filter>Resource Files</Filter>
    </Image>
    <Image Include="ImageResources\2205.png">
      <Filter>Resource Files</Filter>
    </Image>
    <Image Include="ImageResources\2206.png">
      <Filter>Resource Files</Filter>
    </Image>
    <Image Include="ImageResources\2207.png">
      <Filter>Resource Files</Filter>
    </Image>
    <Image Include="ImageResources\2208.png">
      <Filter>Resource Files</Filter>
    </Image>
    <Image Include="ImageResources\2209.png">
      <Filter>Resource Files</Filter>
    </Image>
    <Image Include="ImageResources\2210.png">
      <Filter>Resource Files</Filter>
    </Image>
    <Image Include="ImageResources\2211.png">
      <Filter>Resource Files</Filter>
    </Image>
    <Image Include="ImageResources\3059.png">
      <Filter>Resource Files</Filter>
    </Image>
    <Image Include="ImageResources\3060.png">
      <Filter>Resource Files</Filter>
    </Image>
    <Image Include="ImageResources\3061.png">
      <Filter>Resource Files</Filter>
    </Image>
    <Image Include="ImageResources\3062.png">
      <Filter>Resource Files</Filter>
    </Image>
    <Image Include="ImageResources\3063.png">
      <Filter>Resource Files</Filter>
    </Image>
    <Image Include="ImageResources\3064.png">
      <Filter>Resource Files</Filter>
    </Image>
    <Image Include="ImageResources\3065.png">
      <Filter>Resource Files</Filter>
    </Image>
    <Image Include="ImageResources\3066.png">
      <Filter>Resource Files</Filter>
    </Image>
    <Image Include="ImageResources\3067.png">
      <Filter>Resource Files</Filter>
    </Image>
    <Image Include="ImageResources\3068.png">
      <Filter>Resource Files</Filter>
    </Image>
    <Image Include="ImageResources\3069.png">
      <Filter>Resource Files</Filter>
    </Image>
    <Image Include="ImageResources\3070.png">
      <Filter>Resource Files</Filter>
    </Image>
    <Image Include="ImageResources\3071.png">
      <Filter>Resource Files</Filter>
    </Image>
    <Image Include="ImageResources\3072.png">
      <Filter>Resource Files</Filter>
    </Image>
    <Image Include="ImageResources\1212.png">
      <Filter>Resource Files</Filter>
    </Image>
    <Image Include="ImageResources\1213.png">
      <Filter>Resource Files</Filter>
    </Image>
    <Image Include="ImageResources\1214.png">
      <Filter>Resource Files</Filter>
    </Image>
    <Image Include="ImageResources\1215.png">
      <Filter>Resource Files</Filter>
    </Image>
    <Image Include="ImageResources\1216.png">
      <Filter>Resource Files</Filter>
    </Image>
    <Image Include="ImageResources\1217.png">
      <Filter>Resource Files</Filter>
    </Image>
    <Image Include="ImageResources\1218.png">
      <Filter>Resource Files</Filter>
    </Image>
    <Image Include="ImageResources\1219.png">
      <Filter>Resource Files</Filter>
    </Image>
    <Image Include="ImageResources\1220.png">
      <Filter>Resource Files</Filter>
    </Image>
    <Image Include="ImageResources\1221.png">
      <Filter>Resource Files</Filter>
    </Image>
    <Image Include="ImageResources\1222.png">
      <Filter>Resource Files</Filter>
    </Image>
    <Image Include="ImageResources\1223.png">
      <Filter>Resource Files</Filter>
    </Image>
    <Image Include="ImageResources\1224.png">
      <Filter>Resource Files</Filter>
    </Image>
    <Image Include="ImageResources\1225.png">
      <Filter>Resource Files</Filter>
    </Image>
    <Image Include="ImageResources\1226.png">
      <Filter>Resource Files</Filter>
    </Image>
    <Image Include="ImageResources\1227.png">
      <Filter>Resource Files</Filter>
    </Image>
    <Image Include="ImageResources\1228.png">
      <Filter>Resource Files</Filter>
    </Image>
    <Image Include="ImageResources\1229.png">
      <Filter>Resource Files</Filter>
    </Image>
    <Image Include="ImageResources\1230.png">
      <Filter>Resource Files</Filter>
    </Image>
    <Image Include="ImageResources\1231.png">
      <Filter>Resource Files</Filter>
    </Image>
    <Image Include="ImageResources\1232.png">
      <Filter>Resource Files</Filter>
    </Image>
    <Image Include="ImageResources\1233.png">
      <Filter>Resource Files</Filter>
    </Image>
    <Image Include="ImageResources\1234.png">
      <Filter>Resource Files</Filter>
    </Image>
    <Image Include="ImageResources\1235.png">
      <Filter>Resource Files</Filter>
    </Image>
    <Image Include="ImageResources\1236.png">
      <Filter>Resource Files</Filter>
    </Image>
    <Image Include="ImageResources\1237.png">
      <Filter>Resource Files</Filter>
    </Image>
    <Image Include="ImageResources\1238.png">
      <Filter>Resource Files</Filter>
    </Image>
    <Image Include="ImageResources\1239.png">
      <Filter>Resource Files</Filter>
    </Image>
    <Image Include="ImageResources\1240.png">
      <Filter>Resource Files</Filter>
    </Image>
    <Image Include="ImageResources\1241.png">
      <Filter>Resource Files</Filter>
    </Image>
    <Image Include="ImageResources\1242.png">
      <Filter>Resource Files</Filter>
    </Image>
    <Image Include="ImageResources\1243.png">
      <Filter>Resource Files</Filter>
    </Image>
    <Image Include="ImageResources\1244.png">
      <Filter>Resource Files</Filter>
    </Image>
    <Image Include="ImageResources\1245.png">
      <Filter>Resource Files</Filter>
    </Image>
    <Image Include="ImageResources\1246.png">
      <Filter>Resource Files</Filter>
    </Image>
    <Image Include="ImageResources\1247.png">
      <Filter>Resource Files</Filter>
    </Image>
    <Image Include="ImageResources\1248.png">
      <Filter>Resource Files</Filter>
    </Image>
    <Image Include="ImageResources\1249.png">
      <Filter>Resource Files</Filter>
    </Image>
    <Image Include="ImageResources\1250.png">
      <Filter>Resource Files</Filter>
    </Image>
    <Image Include="ImageResources\1251.png">
      <Filter>Resource Files</Filter>
    </Image>
    <Image Include="ImageResources\1252.png">
      <Filter>Resource Files</Filter>
    </Image>
    <Image Include="ImageResources\1253.png">
      <Filter>Resource Files</Filter>
    </Image>
    <Image Include="ImageResources\1254.png">
      <Filter>Resource Files</Filter>
    </Image>
    <Image Include="ImageResources\1255.png">
      <Filter>Resource Files</Filter>
    </Image>
    <Image Include="ImageResources\1256.png">
      <Filter>Resource Files</Filter>
    </Image>
    <Image Include="ImageResources\1257.png">
      <Filter>Resource Files</Filter>
    </Image>
    <Image Include="ImageResources\1258.png">
      <Filter>Resource Files</Filter>
    </Image>
    <Image Include="ImageResources\1259.png">
      <Filter>Resource Files</Filter>
    </Image>
    <Image Include="ImageResources\1260.png">
      <Filter>Resource Files</Filter>
    </Image>
    <Image Include="ImageResources\1261.png">
      <Filter>Resource Files</Filter>
    </Image>
    <Image Include="ImageResources\1262.png">
      <Filter>Resource Files</Filter>
    </Image>
    <Image Include="ImageResources\1263.png">
      <Filter>Resource Files</Filter>
    </Image>
    <Image Include="ImageResources\1264.png">
      <Filter>Resource Files</Filter>
    </Image>
    <Image Include="ImageResources\1265.png">
      <Filter>Resource Files</Filter>
    </Image>
    <Image Include="ImageResources\1266.png">
      <Filter>Resource Files</Filter>
    </Image>
    <Image Include="ImageResources\1267.png">
      <Filter>Resource Files</Filter>
    </Image>
    <Image Include="ImageResources\1268.png">
      <Filter>Resource Files</Filter>
    </Image>
    <Image Include="ImageResources\1269.png">
      <Filter>Resource Files</Filter>
    </Image>
    <Image Include="ImageResources\1270.png">
      <Filter>Resource Files</Filter>
    </Image>
    <Image Include="ImageResources\1271.png">
      <Filter>Resource Files</Filter>
    </Image>
    <Image Include="ImageResources\1272.png">
      <Filter>Resource Files</Filter>
    </Image>
    <Image Include="ImageResources\1273.png">
      <Filter>Resource Files</Filter>
    </Image>
    <Image Include="ImageResources\1274.png">
      <Filter>Resource Files</Filter>
    </Image>
    <Image Include="ImageResources\2212.png">
      <Filter>Resource Files</Filter>
    </Image>
    <Image Include="ImageResources\2213.png">
      <Filter>Resource Files</Filter>
    </Image>
    <Image Include="ImageResources\2214.png">
      <Filter>Resource Files</Filter>
    </Image>
    <Image Include="ImageResources\2215.png">
      <Filter>Resource Files</Filter>
    </Image>
    <Image Include="ImageResources\2216.png">
      <Filter>Resource Files</Filter>
    </Image>
    <Image Include="ImageResources\2217.png">
      <Filter>Resource Files</Filter>
    </Image>
    <Image Include="ImageResources\2218.png">
      <Filter>Resource Files</Filter>
    </Image>
    <Image Include="ImageResources\2219.png">
      <Filter>Resource Files</Filter>
    </Image>
    <Image Include="ImageResources\2220.png">
      <Filter>Resource Files</Filter>
    </Image>
    <Image Include="ImageResources\2221.png">
      <Filter>Resource Files</Filter>
    </Image>
    <Image Include="ImageResources\2222.png">
      <Filter>Resource Files</Filter>
    </Image>
    <Image Include="ImageResources\2223.png">
      <Filter>Resource Files</Filter>
    </Image>
    <Image Include="ImageResources\2224.png">
      <Filter>Resource Files</Filter>
    </Image>
    <Image Include="ImageResources\2225.png">
      <Filter>Resource Files</Filter>
    </Image>
    <Image Include="ImageResources\2226.png">
      <Filter>Resource Files</Filter>
    </Image>
    <Image Include="ImageResources\2227.png">
      <Filter>Resource Files</Filter>
    </Image>
    <Image Include="ImageResources\2228.png">
      <Filter>Resource Files</Filter>
    </Image>
    <Image Include="ImageResources\2229.png">
      <Filter>Resource Files</Filter>
    </Image>
    <Image Include="ImageResources\2230.png">
      <Filter>Resource Files</Filter>
    </Image>
    <Image Include="ImageResources\2231.png">
      <Filter>Resource Files</Filter>
    </Image>
    <Image Include="ImageResources\2232.png">
      <Filter>Resource Files</Filter>
    </Image>
    <Image Include="ImageResources\2233.png">
      <Filter>Resource Files</Filter>
    </Image>
    <Image Include="ImageResources\2234.png">
      <Filter>Resource Files</Filter>
    </Image>
    <Image Include="ImageResources\2235.png">
      <Filter>Resource Files</Filter>
    </Image>
    <Image Include="ImageResources\2236.png">
      <Filter>Resource Files</Filter>
    </Image>
    <Image Include="ImageResources\2237.png">
      <Filter>Resource Files</Filter>
    </Image>
    <Image Include="ImageResources\2238.png">
      <Filter>Resource Files</Filter>
    </Image>
    <Image Include="ImageResources\2239.png">
      <Filter>Resource Files</Filter>
    </Image>
    <Image Include="ImageResources\2240.png">
      <Filter>Resource Files</Filter>
    </Image>
    <Image Include="ImageResources\2241.png">
      <Filter>Resource Files</Filter>
    </Image>
    <Image Include="ImageResources\2242.png">
      <Filter>Resource Files</Filter>
    </Image>
    <Image Include="ImageResources\2243.png">
      <Filter>Resource Files</Filter>
    </Image>
    <Image Include="ImageResources\2244.png">
      <Filter>Resource Files</Filter>
    </Image>
    <Image Include="ImageResources\2245.png">
      <Filter>Resource Files</Filter>
    </Image>
    <Image Include="ImageResources\2246.png">
      <Filter>Resource Files</Filter>
    </Image>
    <Image Include="ImageResources\2247.png">
      <Filter>Resource Files</Filter>
    </Image>
    <Image Include="ImageResources\2248.png">
      <Filter>Resource Files</Filter>
    </Image>
    <Image Include="ImageResources\2249.png">
      <Filter>Resource Files</Filter>
    </Image>
    <Image Include="ImageResources\2250.png">
      <Filter>Resource Files</Filter>
    </Image>
    <Image Include="ImageResources\2251.png">
      <Filter>Resource Files</Filter>
    </Image>
    <Image Include="ImageResources\2252.png">
      <Filter>Resource Files</Filter>
    </Image>
    <Image Include="ImageResources\2253.png">
      <Filter>Resource Files</Filter>
    </Image>
    <Image Include="ImageResources\2254.png">
      <Filter>Resource Files</Filter>
    </Image>
    <Image Include="ImageResources\2255.png">
      <Filter>Resource Files</Filter>
    </Image>
    <Image Include="ImageResources\2256.png">
      <Filter>Resource Files</Filter>
    </Image>
    <Image Include="ImageResources\2257.png">
      <Filter>Resource Files</Filter>
    </Image>
    <Image Include="ImageResources\2258.png">
      <Filter>Resource Files</Filter>
    </Image>
    <Image Include="ImageResources\2259.png">
      <Filter>Resource Files</Filter>
    </Image>
    <Image Include="ImageResources\2260.png">
      <Filter>Resource Files</Filter>
    </Image>
    <Image Include="ImageResources\2261.png">
      <Filter>Resource Files</Filter>
    </Image>
    <Image Include="ImageResources\2262.png">
      <Filter>Resource Files</Filter>
    </Image>
    <Image Include="ImageResources\2263.png">
      <Filter>Resource Files</Filter>
    </Image>
    <Image Include="ImageResources\2264.png">
      <Filter>Resource Files</Filter>
    </Image>
    <Image Include="ImageResources\2265.png">
      <Filter>Resource Files</Filter>
    </Image>
    <Image Include="ImageResources\2266.png">
      <Filter>Resource Files</Filter>
    </Image>
    <Image Include="ImageResources\2267.png">
      <Filter>Resource Files</Filter>
    </Image>
    <Image Include="ImageResources\2268.png">
      <Filter>Resource Files</Filter>
    </Image>
    <Image Include="ImageResources\2269.png">
      <Filter>Resource Files</Filter>
    </Image>
    <Image Include="ImageResources\2270.png">
      <Filter>Resource Files</Filter>
    </Image>
    <Image Include="ImageResources\2271.png">
      <Filter>Resource Files</Filter>
    </Image>
    <Image Include="ImageResources\2272.png">
      <Filter>Resource Files</Filter>
    </Image>
    <Image Include="ImageResources\2273.png">
      <Filter>Resource Files</Filter>
    </Image>
    <Image Include="ImageResources\2274.png">
      <Filter>Resource Files</Filter>
    </Image>
    <Image Include="ImageResources\1275.png">
      <Filter>Resource Files</Filter>
    </Image>
    <Image Include="ImageResources\1276.png">
      <Filter>Resource Files</Filter>
    </Image>
    <Image Include="ImageResources\1277.png">
      <Filter>Resource Files</Filter>
    </Image>
    <Image Include="ImageResources\1278.png">
      <Filter>Resource Files</Filter>
    </Image>
    <Image Include="ImageResources\1279.png">
      <Filter>Resource Files</Filter>
    </Image>
    <Image Include="ImageResources\1280.png">
      <Filter>Resource Files</Filter>
    </Image>
    <Image Include="ImageResources\1281.png">
      <Filter>Resource Files</Filter>
    </Image>
    <Image Include="ImageResources\1282.png">
      <Filter>Resource Files</Filter>
    </Image>
    <Image Include="ImageResources\1283.png">
      <Filter>Resource Files</Filter>
    </Image>
    <Image Include="ImageResources\1284.png">
      <Filter>Resource Files</Filter>
    </Image>
    <Image Include="ImageResources\1285.png">
      <Filter>Resource Files</Filter>
    </Image>
    <Image Include="ImageResources\1286.png">
      <Filter>Resource Files</Filter>
    </Image>
    <Image Include="ImageResources\1287.png">
      <Filter>Resource Files</Filter>
    </Image>
    <Image Include="ImageResources\1288.png">
      <Filter>Resource Files</Filter>
    </Image>
    <Image Include="ImageResources\1289.png">
      <Filter>Resource Files</Filter>
    </Image>
    <Image Include="ImageResources\1290.png">
      <Filter>Resource Files</Filter>
    </Image>
    <Image Include="ImageResources\1291.png">
      <Filter>Resource Files</Filter>
    </Image>
    <Image Include="ImageResources\1292.png">
      <Filter>Resource Files</Filter>
    </Image>
    <Image Include="ImageResources\1293.png">
      <Filter>Resource Files</Filter>
    </Image>
    <Image Include="ImageResources\1294.png">
      <Filter>Resource Files</Filter>
    </Image>
    <Image Include="ImageResources\1295.png">
      <Filter>Resource Files</Filter>
    </Image>
    <Image Include="ImageResources\1296.png">
      <Filter>Resource Files</Filter>
    </Image>
    <Image Include="ImageResources\1297.png">
      <Filter>Resource Files</Filter>
    </Image>
    <Image Include="ImageResources\1298.png">
      <Filter>Resource Files</Filter>
    </Image>
    <Image Include="ImageResources\1299.png">
      <Filter>Resource Files</Filter>
    </Image>
    <Image Include="ImageResources\1300.png">
      <Filter>Resource Files</Filter>
    </Image>
    <Image Include="ImageResources\1301.png">
      <Filter>Resource Files</Filter>
    </Image>
    <Image Include="ImageResources\1302.png">
      <Filter>Resource Files</Filter>
    </Image>
    <Image Include="ImageResources\1303.png">
      <Filter>Resource Files</Filter>
    </Image>
    <Image Include="ImageResources\1304.png">
      <Filter>Resource Files</Filter>
    </Image>
    <Image Include="ImageResources\1305.png">
      <Filter>Resource Files</Filter>
    </Image>
    <Image Include="ImageResources\1306.png">
      <Filter>Resource Files</Filter>
    </Image>
    <Image Include="ImageResources\1307.png">
      <Filter>Resource Files</Filter>
    </Image>
    <Image Include="ImageResources\1308.png">
      <Filter>Resource Files</Filter>
    </Image>
    <Image Include="ImageResources\1309.png">
      <Filter>Resource Files</Filter>
    </Image>
    <Image Include="ImageResources\2275.png">
      <Filter>Resource Files</Filter>
    </Image>
    <Image Include="ImageResources\2276.png">
      <Filter>Resource Files</Filter>
    </Image>
    <Image Include="ImageResources\2277.png">
      <Filter>Resource Files</Filter>
    </Image>
    <Image Include="ImageResources\2278.png">
      <Filter>Resource Files</Filter>
    </Image>
    <Image Include="ImageResources\2279.png">
      <Filter>Resource Files</Filter>
    </Image>
    <Image Include="ImageResources\2280.png">
      <Filter>Resource Files</Filter>
    </Image>
    <Image Include="ImageResources\2281.png">
      <Filter>Resource Files</Filter>
    </Image>
    <Image Include="ImageResources\2282.png">
      <Filter>Resource Files</Filter>
    </Image>
    <Image Include="ImageResources\2283.png">
      <Filter>Resource Files</Filter>
    </Image>
    <Image Include="ImageResources\2284.png">
      <Filter>Resource Files</Filter>
    </Image>
    <Image Include="ImageResources\2285.png">
      <Filter>Resource Files</Filter>
    </Image>
    <Image Include="ImageResources\2286.png">
      <Filter>Resource Files</Filter>
    </Image>
    <Image Include="ImageResources\2287.png">
      <Filter>Resource Files</Filter>
    </Image>
    <Image Include="ImageResources\2288.png">
      <Filter>Resource Files</Filter>
    </Image>
    <Image Include="ImageResources\2289.png">
      <Filter>Resource Files</Filter>
    </Image>
    <Image Include="ImageResources\2290.png">
      <Filter>Resource Files</Filter>
    </Image>
    <Image Include="ImageResources\2291.png">
      <Filter>Resource Files</Filter>
    </Image>
    <Image Include="ImageResources\2292.png">
      <Filter>Resource Files</Filter>
    </Image>
    <Image Include="ImageResources\2293.png">
      <Filter>Resource Files</Filter>
    </Image>
    <Image Include="ImageResources\2294.png">
      <Filter>Resource Files</Filter>
    </Image>
    <Image Include="ImageResources\2295.png">
      <Filter>Resource Files</Filter>
    </Image>
    <Image Include="ImageResources\2296.png">
      <Filter>Resource Files</Filter>
    </Image>
    <Image Include="ImageResources\2297.png">
      <Filter>Resource Files</Filter>
    </Image>
    <Image Include="ImageResources\2298.png">
      <Filter>Resource Files</Filter>
    </Image>
    <Image Include="ImageResources\2299.png">
      <Filter>Resource Files</Filter>
    </Image>
    <Image Include="ImageResources\2300.png">
      <Filter>Resource Files</Filter>
    </Image>
    <Image Include="ImageResources\2301.png">
      <Filter>Resource Files</Filter>
    </Image>
    <Image Include="ImageResources\2302.png">
      <Filter>Resource Files</Filter>
    </Image>
    <Image Include="ImageResources\2303.png">
      <Filter>Resource Files</Filter>
    </Image>
    <Image Include="ImageResources\2304.png">
      <Filter>Resource Files</Filter>
    </Image>
    <Image Include="ImageResources\2305.png">
      <Filter>Resource Files</Filter>
    </Image>
    <Image Include="ImageResources\2306.png">
      <Filter>Resource Files</Filter>
    </Image>
    <Image Include="ImageResources\2307.png">
      <Filter>Resource Files</Filter>
    </Image>
    <Image Include="ImageResources\2308.png">
      <Filter>Resource Files</Filter>
    </Image>
    <Image Include="ImageResources\2309.png">
      <Filter>Resource Files</Filter>
    </Image>
    <Image Include="ImageResources\1310.png">
      <Filter>Resource Files</Filter>
    </Image>
    <Image Include="ImageResources\1311.png">
      <Filter>Resource Files</Filter>
    </Image>
    <Image Include="ImageResources\1312.png">
      <Filter>Resource Files</Filter>
    </Image>
    <Image Include="ImageResources\1313.png">
      <Filter>Resource Files</Filter>
    </Image>
    <Image Include="ImageResources\1314.png">
      <Filter>Resource Files</Filter>
    </Image>
    <Image Include="ImageResources\1315.png">
      <Filter>Resource Files</Filter>
    </Image>
    <Image Include="ImageResources\1316.png">
      <Filter>Resource Files</Filter>
    </Image>
    <Image Include="ImageResources\1317.png">
      <Filter>Resource Files</Filter>
    </Image>
    <Image Include="ImageResources\1318.png">
      <Filter>Resource Files</Filter>
    </Image>
    <Image Include="ImageResources\1319.png">
      <Filter>Resource Files</Filter>
    </Image>
    <Image Include="ImageResources\1320.png">
      <Filter>Resource Files</Filter>
    </Image>
    <Image Include="ImageResources\1321.png">
      <Filter>Resource Files</Filter>
    </Image>
    <Image Include="ImageResources\1322.png">
      <Filter>Resource Files</Filter>
    </Image>
    <Image Include="ImageResources\1323.png">
      <Filter>Resource Files</Filter>
    </Image>
    <Image Include="ImageResources\1324.png">
      <Filter>Resource Files</Filter>
    </Image>
    <Image Include="ImageResources\1325.png">
      <Filter>Resource Files</Filter>
    </Image>
    <Image Include="ImageResources\1326.png">
      <Filter>Resource Files</Filter>
    </Image>
    <Image Include="ImageResources\1327.png">
      <Filter>Resource Files</Filter>
    </Image>
    <Image Include="ImageResources\1328.png">
      <Filter>Resource Files</Filter>
    </Image>
    <Image Include="ImageResources\1329.png">
      <Filter>Resource Files</Filter>
    </Image>
    <Image Include="ImageResources\1330.png">
      <Filter>Resource Files</Filter>
    </Image>
    <Image Include="ImageResources\2310.png">
      <Filter>Resource Files</Filter>
    </Image>
    <Image Include="ImageResources\2311.png">
      <Filter>Resource Files</Filter>
    </Image>
    <Image Include="ImageResources\2312.png">
      <Filter>Resource Files</Filter>
    </Image>
    <Image Include="ImageResources\2313.png">
      <Filter>Resource Files</Filter>
    </Image>
    <Image Include="ImageResources\2314.png">
      <Filter>Resource Files</Filter>
    </Image>
    <Image Include="ImageResources\2315.png">
      <Filter>Resource Files</Filter>
    </Image>
    <Image Include="ImageResources\2316.png">
      <Filter>Resource Files</Filter>
    </Image>
    <Image Include="ImageResources\2317.png">
      <Filter>Resource Files</Filter>
    </Image>
    <Image Include="ImageResources\2318.png">
      <Filter>Resource Files</Filter>
    </Image>
    <Image Include="ImageResources\2319.png">
      <Filter>Resource Files</Filter>
    </Image>
    <Image Include="ImageResources\2320.png">
      <Filter>Resource Files</Filter>
    </Image>
    <Image Include="ImageResources\2321.png">
      <Filter>Resource Files</Filter>
    </Image>
    <Image Include="ImageResources\2322.png">
      <Filter>Resource Files</Filter>
    </Image>
    <Image Include="ImageResources\2323.png">
      <Filter>Resource Files</Filter>
    </Image>
    <Image Include="ImageResources\2324.png">
      <Filter>Resource Files</Filter>
    </Image>
    <Image Include="ImageResources\2325.png">
      <Filter>Resource Files</Filter>
    </Image>
    <Image Include="ImageResources\2326.png">
      <Filter>Resource Files</Filter>
    </Image>
    <Image Include="ImageResources\2327.png">
      <Filter>Resource Files</Filter>
    </Image>
    <Image Include="ImageResources\2328.png">
      <Filter>Resource Files</Filter>
    </Image>
    <Image Include="ImageResources\2329.png">
      <Filter>Resource Files</Filter>
    </Image>
    <Image Include="ImageResources\2330.png">
      <Filter>Resource Files</Filter>
    </Image>
  </ItemGroup>
  <ItemGroup>
    <None Include="imageresources\uifile5.bin">
      <Filter>Resource Files</Filter>
    </None>
    <None Include="imageresources\uifile3.bin">
      <Filter>Resource Files</Filter>
    </None>
    <None Include="imageresources\uifile6.bin">
      <Filter>Resource Files</Filter>
    </None>
    <None Include="build_timestamp.ps1">
      <Filter>Source Files</Filter>
    </None>
  </ItemGroup>
  <ItemGroup>
    <Library Include="dui70.lib" />
  </ItemGroup>
  <ItemGroup>
    <Xml Include="ui\editmode.xml">
      <Filter>Source Files\ui</Filter>
    </Xml>
    <Xml Include="ui\fullscreenpopup.xml">
      <Filter>Source Files\ui</Filter>
    </Xml>
    <Xml Include="ui\shutdown.xml">
      <Filter>Source Files\ui</Filter>
    </Xml>
    <Xml Include="ui\search.xml">
      <Filter>Source Files\ui</Filter>
    </Xml>
    <Xml Include="ui\styles.xml">
      <Filter>Source Files\ui</Filter>
    </Xml>
    <Xml Include="ui\uifile.xml">
      <Filter>Source Files\ui</Filter>
    </Xml>
  </ItemGroup>
  <ItemGroup>
    <Manifest Include="DirectDesktop.manifest">
      <Filter>Resource Files</Filter>
    </Manifest>
  </ItemGroup>
  <ItemGroup>
    <ResourceCompile Include="DirectDesktop.rc" />
  </ItemGroup>
</Project>